// !$*UTF8*$!
{
	archiveVersion = 1;
	classes = {
	};
	objectVersion = 55;
	objects = {

/* Begin PBXBuildFile section */
		7D5DA073289D14BB00D73F0E /* main.swift in Sources */ = {isa = PBXBuildFile; fileRef = 7D5DA072289D14BB00D73F0E /* main.swift */; };
		7D5DA07A289D14D800D73F0E /* 21.合并两个有序链表.swift in Sources */ = {isa = PBXBuildFile; fileRef = 7D5DA079289D14D800D73F0E /* 21.合并两个有序链表.swift */; };
		7D5DA07C289D153800D73F0E /* 23.合并k个升序链表.swift in Sources */ = {isa = PBXBuildFile; fileRef = 7D5DA07B289D153800D73F0E /* 23.合并k个升序链表.swift */; };
		7D5DA07E289D15D900D73F0E /* 86.分隔链表.swift in Sources */ = {isa = PBXBuildFile; fileRef = 7D5DA07D289D15D900D73F0E /* 86.分隔链表.swift */; };
		7D5DA080289D162800D73F0E /* 141.环形链表.swift in Sources */ = {isa = PBXBuildFile; fileRef = 7D5DA07F289D162800D73F0E /* 141.环形链表.swift */; };
		7D5DA082289D376300D73F0E /* 19.删除链表的倒数第-n-个结点.swift in Sources */ = {isa = PBXBuildFile; fileRef = 7D5DA081289D376300D73F0E /* 19.删除链表的倒数第-n-个结点.swift */; };
		7D5DA084289D402500D73F0E /* 142.环形链表-ii.swift in Sources */ = {isa = PBXBuildFile; fileRef = 7D5DA083289D402500D73F0E /* 142.环形链表-ii.swift */; };
		7D5DA086289D449B00D73F0E /* 160.相交链表.swift in Sources */ = {isa = PBXBuildFile; fileRef = 7D5DA085289D449B00D73F0E /* 160.相交链表.swift */; };
		7D5DA08828A0A49600D73F0E /* 26.删除有序数组中的重复项.swift in Sources */ = {isa = PBXBuildFile; fileRef = 7D5DA08728A0A49600D73F0E /* 26.删除有序数组中的重复项.swift */; };
		7D5DA08A28A0A72200D73F0E /* 83.删除排序链表中的重复元素.swift in Sources */ = {isa = PBXBuildFile; fileRef = 7D5DA08928A0A72200D73F0E /* 83.删除排序链表中的重复元素.swift */; };
		7D5DA08C28A0A90100D73F0E /* 27.移除元素.swift in Sources */ = {isa = PBXBuildFile; fileRef = 7D5DA08B28A0A90100D73F0E /* 27.移除元素.swift */; };
		7D5DA08E28A0AA9500D73F0E /* 283.移动零.swift in Sources */ = {isa = PBXBuildFile; fileRef = 7D5DA08D28A0AA9500D73F0E /* 283.移动零.swift */; };
		7D5DA09028A0E4A600D73F0E /* 167.两数之和-ii-输入有序数组.swift in Sources */ = {isa = PBXBuildFile; fileRef = 7D5DA08F28A0E4A600D73F0E /* 167.两数之和-ii-输入有序数组.swift */; };
		7D5DA09228A0E5E400D73F0E /* 1.两数之和.swift in Sources */ = {isa = PBXBuildFile; fileRef = 7D5DA09128A0E5E400D73F0E /* 1.两数之和.swift */; };
		7D5DA09428A0E90F00D73F0E /* 344.反转字符串.swift in Sources */ = {isa = PBXBuildFile; fileRef = 7D5DA09328A0E90F00D73F0E /* 344.反转字符串.swift */; };
		7D5DA09628A0EBA900D73F0E /* 5.最长回文子串.swift in Sources */ = {isa = PBXBuildFile; fileRef = 7D5DA09528A0EBA900D73F0E /* 5.最长回文子串.swift */; };
		7D5DE67828A9E54A00D73F0E /* 322.零钱兑换.swift in Sources */ = {isa = PBXBuildFile; fileRef = 7D5DE67728A9E54A00D73F0E /* 322.零钱兑换.swift */; };
		7D5DE67A28A9F1BE00D73F0E /* 112.路径总和.swift in Sources */ = {isa = PBXBuildFile; fileRef = 7D5DE67928A9F1BE00D73F0E /* 112.路径总和.swift */; };
		7D5DE67C28A9F81200D73F0E /* 91.解码方法.swift in Sources */ = {isa = PBXBuildFile; fileRef = 7D5DE67B28A9F81200D73F0E /* 91.解码方法.swift */; };
		7D5DE67E28AA243400D73F0E /* 221.最大正方形.swift in Sources */ = {isa = PBXBuildFile; fileRef = 7D5DE67D28AA243400D73F0E /* 221.最大正方形.swift */; };
		7D5DE68028AA295D00D73F0E /* 70.爬楼梯.swift in Sources */ = {isa = PBXBuildFile; fileRef = 7D5DE67F28AA295D00D73F0E /* 70.爬楼梯.swift */; };
		7D5DE68228AA309400D73F0E /* 115.不同的子序列.swift in Sources */ = {isa = PBXBuildFile; fileRef = 7D5DE68128AA309400D73F0E /* 115.不同的子序列.swift */; };
		7D7E5DB328AE55AA0077876A /* 93.复原-ip-地址.swift in Sources */ = {isa = PBXBuildFile; fileRef = 7D7E5DB228AE55AA0077876A /* 93.复原-ip-地址.swift */; };
		7D7E5DB528AE6A530077876A /* 328.奇偶链表.swift in Sources */ = {isa = PBXBuildFile; fileRef = 7D7E5DB428AE6A530077876A /* 328.奇偶链表.swift */; };
		7D7E5DB728AF324C0077876A /* Test25.swift in Sources */ = {isa = PBXBuildFile; fileRef = 7D7E5DB628AF324C0077876A /* Test25.swift */; };
		7D7E5DB828AF328C0077876A /* 25.-k-个一组翻转链表.swift in Sources */ = {isa = PBXBuildFile; fileRef = 7DFBA2DC28AB534A00F3CE48 /* 25.-k-个一组翻转链表.swift */; };
		7D7E5DB928AF37CB0077876A /* ListNode.swift in Sources */ = {isa = PBXBuildFile; fileRef = 7D85C0BC28A23DCC0039F38D /* ListNode.swift */; };
		7D7E5DBA28AF37CE0077876A /* TreeNode.swift in Sources */ = {isa = PBXBuildFile; fileRef = 7D85C0BF28A23F680039F38D /* TreeNode.swift */; };
		7D7E5DBC28AF82990077876A /* 差分工具.swift in Sources */ = {isa = PBXBuildFile; fileRef = 7D7E5DBB28AF82990077876A /* 差分工具.swift */; };
		7D7E5DBE28AF85E20077876A /* 1109.航班预订统计.swift in Sources */ = {isa = PBXBuildFile; fileRef = 7D7E5DBD28AF85E20077876A /* 1109.航班预订统计.swift */; };
		7D7E5DC028AF8A710077876A /* 1094.拼车.swift in Sources */ = {isa = PBXBuildFile; fileRef = 7D7E5DBF28AF8A710077876A /* 1094.拼车.swift */; };
		7D7E5DC228AF99510077876A /* 54.螺旋矩阵.swift in Sources */ = {isa = PBXBuildFile; fileRef = 7D7E5DC128AF99510077876A /* 54.螺旋矩阵.swift */; };
		7D85C0B728A1F2140039F38D /* 1.排序算法.swift in Sources */ = {isa = PBXBuildFile; fileRef = 7D85C0B628A1F2140039F38D /* 1.排序算法.swift */; };
		7D85C0B928A1F2320039F38D /* 2.查找算法.swift in Sources */ = {isa = PBXBuildFile; fileRef = 7D85C0B828A1F2320039F38D /* 2.查找算法.swift */; };
		7D85C0BB28A1F2470039F38D /* 3.二叉树的遍历算法.swift in Sources */ = {isa = PBXBuildFile; fileRef = 7D85C0BA28A1F2470039F38D /* 3.二叉树的遍历算法.swift */; };
		7D85C0BD28A23DCC0039F38D /* ListNode.swift in Sources */ = {isa = PBXBuildFile; fileRef = 7D85C0BC28A23DCC0039F38D /* ListNode.swift */; };
		7D85C0C028A23F680039F38D /* TreeNode.swift in Sources */ = {isa = PBXBuildFile; fileRef = 7D85C0BF28A23F680039F38D /* TreeNode.swift */; };
		7D85C0C228A23FC30039F38D /* 104.二叉树的最大深度.swift in Sources */ = {isa = PBXBuildFile; fileRef = 7D85C0C128A23FC30039F38D /* 104.二叉树的最大深度.swift */; };
		7D85C0C428A254BD0039F38D /* 543.二叉树的直径.swift in Sources */ = {isa = PBXBuildFile; fileRef = 7D85C0C328A254BD0039F38D /* 543.二叉树的直径.swift */; };
		7D85C0C628A25BD40039F38D /* 509.斐波那契数.swift in Sources */ = {isa = PBXBuildFile; fileRef = 7D85C0C528A25BD40039F38D /* 509.斐波那契数.swift */; };
		7DFBA1EF28AA6CC500F3CE48 /* 2.两数相加.swift in Sources */ = {isa = PBXBuildFile; fileRef = 7DFBA1EE28AA6CC500F3CE48 /* 2.两数相加.swift */; };
		7DFBA1F128AA703E00F3CE48 /* 3.无重复字符的最长子串.swift in Sources */ = {isa = PBXBuildFile; fileRef = 7DFBA1F028AA703E00F3CE48 /* 3.无重复字符的最长子串.swift */; };
		7DFBA1F328AA80D300F3CE48 /* 4.寻找两个正序数组的中位数.swift in Sources */ = {isa = PBXBuildFile; fileRef = 7DFBA1F228AA80D300F3CE48 /* 4.寻找两个正序数组的中位数.swift */; };
		7DFBA1F528AA82FA00F3CE48 /* 6.z-字形变换.swift in Sources */ = {isa = PBXBuildFile; fileRef = 7DFBA1F428AA82FA00F3CE48 /* 6.z-字形变换.swift */; };
		7DFBA1F728AA9F5A00F3CE48 /* 7.整数反转.swift in Sources */ = {isa = PBXBuildFile; fileRef = 7DFBA1F628AA9F5A00F3CE48 /* 7.整数反转.swift */; };
		7DFBA1F928AAA0ED00F3CE48 /* 8.字符串转换整数-atoi.swift in Sources */ = {isa = PBXBuildFile; fileRef = 7DFBA1F828AAA0ED00F3CE48 /* 8.字符串转换整数-atoi.swift */; };
		7DFBA1FB28AAA8F300F3CE48 /* 9.回文数.swift in Sources */ = {isa = PBXBuildFile; fileRef = 7DFBA1FA28AAA8F300F3CE48 /* 9.回文数.swift */; };
		7DFBA1FD28AAA95900F3CE48 /* 10.正则表达式匹配.swift in Sources */ = {isa = PBXBuildFile; fileRef = 7DFBA1FC28AAA95900F3CE48 /* 10.正则表达式匹配.swift */; };
		7DFBA1FF28AB394400F3CE48 /* 15.三数之和.swift in Sources */ = {isa = PBXBuildFile; fileRef = 7DFBA1FE28AB394400F3CE48 /* 15.三数之和.swift */; };
		7DFBA20128AB450F00F3CE48 /* 20.-有效的括号.swift in Sources */ = {isa = PBXBuildFile; fileRef = 7DFBA20028AB450F00F3CE48 /* 20.-有效的括号.swift */; };
		7DFBA20328AB452C00F3CE48 /* 39.-组合总和.swift in Sources */ = {isa = PBXBuildFile; fileRef = 7DFBA20228AB452C00F3CE48 /* 39.-组合总和.swift */; };
		7DFBA20528AB454C00F3CE48 /* 53.-最大子数组和.swift in Sources */ = {isa = PBXBuildFile; fileRef = 7DFBA20428AB454C00F3CE48 /* 53.-最大子数组和.swift */; };
		7DFBA20728AB456700F3CE48 /* 56.-合并区间.swift in Sources */ = {isa = PBXBuildFile; fileRef = 7DFBA20628AB456700F3CE48 /* 56.-合并区间.swift */; };
		7DFBA20928AB458F00F3CE48 /* 89.-格雷编码.swift in Sources */ = {isa = PBXBuildFile; fileRef = 7DFBA20828AB458F00F3CE48 /* 89.-格雷编码.swift */; };
		7DFBA20B28AB45B100F3CE48 /* 92.反转链表-ii.swift in Sources */ = {isa = PBXBuildFile; fileRef = 7DFBA20A28AB45B100F3CE48 /* 92.反转链表-ii.swift */; };
		7DFBA20D28AB45DB00F3CE48 /* 102.-二叉树的层序遍历.swift in Sources */ = {isa = PBXBuildFile; fileRef = 7DFBA20C28AB45DB00F3CE48 /* 102.-二叉树的层序遍历.swift */; };
		7DFBA20F28AB460000F3CE48 /* 114.-二叉树展开为链表.swift in Sources */ = {isa = PBXBuildFile; fileRef = 7DFBA20E28AB460000F3CE48 /* 114.-二叉树展开为链表.swift */; };
		7DFBA21128AB462600F3CE48 /* 116.-填充每个节点的下一个右侧节点指针.swift in Sources */ = {isa = PBXBuildFile; fileRef = 7DFBA21028AB462600F3CE48 /* 116.-填充每个节点的下一个右侧节点指针.swift */; };
		7DFBA21328AB464F00F3CE48 /* 122.-买卖股票的最佳时机-ii.swift in Sources */ = {isa = PBXBuildFile; fileRef = 7DFBA21228AB464F00F3CE48 /* 122.-买卖股票的最佳时机-ii.swift */; };
		7DFBA21528AB466A00F3CE48 /* 146.-lru-缓存.swift in Sources */ = {isa = PBXBuildFile; fileRef = 7DFBA21428AB466A00F3CE48 /* 146.-lru-缓存.swift */; };
		7DFBA21728AB468300F3CE48 /* 151.-颠倒字符串中的单词.swift in Sources */ = {isa = PBXBuildFile; fileRef = 7DFBA21628AB468300F3CE48 /* 151.-颠倒字符串中的单词.swift */; };
		7DFBA21928AB46E300F3CE48 /* 189.-轮转数组.swift in Sources */ = {isa = PBXBuildFile; fileRef = 7DFBA21828AB46E300F3CE48 /* 189.-轮转数组.swift */; };
		7DFBA21B28AB470000F3CE48 /* 200.-岛屿数量.swift in Sources */ = {isa = PBXBuildFile; fileRef = 7DFBA21A28AB470000F3CE48 /* 200.-岛屿数量.swift */; };
		7DFBA21D28AB471C00F3CE48 /* 207.-课程表.swift in Sources */ = {isa = PBXBuildFile; fileRef = 7DFBA21C28AB471C00F3CE48 /* 207.-课程表.swift */; };
		7DFBA21F28AB474C00F3CE48 /* 208.-实现-trie-前缀树.swift in Sources */ = {isa = PBXBuildFile; fileRef = 7DFBA21E28AB474C00F3CE48 /* 208.-实现-trie-前缀树.swift */; };
		7DFBA22128AB477100F3CE48 /* 215.-数组中的第k个最大元素.swift in Sources */ = {isa = PBXBuildFile; fileRef = 7DFBA22028AB477100F3CE48 /* 215.-数组中的第k个最大元素.swift */; };
		7DFBA22328AB479500F3CE48 /* 230.-二叉搜索树中第k小的元素.swift in Sources */ = {isa = PBXBuildFile; fileRef = 7DFBA22228AB479500F3CE48 /* 230.-二叉搜索树中第k小的元素.swift */; };
		7DFBA22528AB47CF00F3CE48 /* 231.-2-的幂.swift in Sources */ = {isa = PBXBuildFile; fileRef = 7DFBA22428AB47CF00F3CE48 /* 231.-2-的幂.swift */; };
		7DFBA22728AB47F100F3CE48 /* 235.-二叉搜索树的最近公共祖先.swift in Sources */ = {isa = PBXBuildFile; fileRef = 7DFBA22628AB47F100F3CE48 /* 235.-二叉搜索树的最近公共祖先.swift */; };
		7DFBA22928AB480B00F3CE48 /* 236.-二叉树的最近公共祖先.swift in Sources */ = {isa = PBXBuildFile; fileRef = 7DFBA22828AB480B00F3CE48 /* 236.-二叉树的最近公共祖先.swift */; };
		7DFBA22B28AB482700F3CE48 /* 287.-寻找重复数.swift in Sources */ = {isa = PBXBuildFile; fileRef = 7DFBA22A28AB482700F3CE48 /* 287.-寻找重复数.swift */; };
		7DFBA22D28AB484900F3CE48 /* 371.-两整数之和.swift in Sources */ = {isa = PBXBuildFile; fileRef = 7DFBA22C28AB484900F3CE48 /* 371.-两整数之和.swift */; };
		7DFBA22F28AB485E00F3CE48 /* 415.-字符串相加.swift in Sources */ = {isa = PBXBuildFile; fileRef = 7DFBA22E28AB485E00F3CE48 /* 415.-字符串相加.swift */; };
		7DFBA23128AB48A700F3CE48 /* 518.-零钱兑换-ii.swift in Sources */ = {isa = PBXBuildFile; fileRef = 7DFBA23028AB48A700F3CE48 /* 518.-零钱兑换-ii.swift */; };
		7DFBA23328AB48BD00F3CE48 /* 557.-反转字符串中的单词-iii.swift in Sources */ = {isa = PBXBuildFile; fileRef = 7DFBA23228AB48BD00F3CE48 /* 557.-反转字符串中的单词-iii.swift */; };
		7DFBA23528AB48D200F3CE48 /* 654.-最大二叉树.swift in Sources */ = {isa = PBXBuildFile; fileRef = 7DFBA23428AB48D200F3CE48 /* 654.-最大二叉树.swift */; };
		7DFBA23728AB48E800F3CE48 /* 785.-判断二分图.swift in Sources */ = {isa = PBXBuildFile; fileRef = 7DFBA23628AB48E800F3CE48 /* 785.-判断二分图.swift */; };
		7DFBA23928AB490D00F3CE48 /* 1143.-最长公共子序列.swift in Sources */ = {isa = PBXBuildFile; fileRef = 7DFBA23828AB490D00F3CE48 /* 1143.-最长公共子序列.swift */; };
		7DFBA23B28AB492400F3CE48 /* 1288.-删除被覆盖区间.swift in Sources */ = {isa = PBXBuildFile; fileRef = 7DFBA23A28AB492400F3CE48 /* 1288.-删除被覆盖区间.swift */; };
		7DFBA23D28AB494F00F3CE48 /* 11.盛最多水的容器.swift in Sources */ = {isa = PBXBuildFile; fileRef = 7DFBA23C28AB494F00F3CE48 /* 11.盛最多水的容器.swift */; };
		7DFBA23F28AB497100F3CE48 /* 13.-罗马数字转整数.swift in Sources */ = {isa = PBXBuildFile; fileRef = 7DFBA23E28AB497100F3CE48 /* 13.-罗马数字转整数.swift */; };
		7DFBA24128AB498F00F3CE48 /* 14.-最长公共前缀.swift in Sources */ = {isa = PBXBuildFile; fileRef = 7DFBA24028AB498F00F3CE48 /* 14.-最长公共前缀.swift */; };
		7DFBA24328AB49BC00F3CE48 /* 17.-电话号码的字母组合.swift in Sources */ = {isa = PBXBuildFile; fileRef = 7DFBA24228AB49BC00F3CE48 /* 17.-电话号码的字母组合.swift */; };
		7DFBA24528AB49E500F3CE48 /* 22.-括号生成.swift in Sources */ = {isa = PBXBuildFile; fileRef = 7DFBA24428AB49E500F3CE48 /* 22.-括号生成.swift */; };
		7DFBA24728AB4A1A00F3CE48 /* 28.-实现-str-str.swift in Sources */ = {isa = PBXBuildFile; fileRef = 7DFBA24628AB4A1A00F3CE48 /* 28.-实现-str-str.swift */; };
		7DFBA24928AB4A3D00F3CE48 /* 35.-搜索插入位置.swift in Sources */ = {isa = PBXBuildFile; fileRef = 7DFBA24828AB4A3D00F3CE48 /* 35.-搜索插入位置.swift */; };
		7DFBA24B28AB4A8D00F3CE48 /* 38.-外观数列.swift in Sources */ = {isa = PBXBuildFile; fileRef = 7DFBA24A28AB4A8D00F3CE48 /* 38.-外观数列.swift */; };
		7DFBA24D28AB4AA500F3CE48 /* 46.-全排列.swift in Sources */ = {isa = PBXBuildFile; fileRef = 7DFBA24C28AB4AA500F3CE48 /* 46.-全排列.swift */; };
		7DFBA24F28AB4ABF00F3CE48 /* 48.旋转图像.swift in Sources */ = {isa = PBXBuildFile; fileRef = 7DFBA24E28AB4ABF00F3CE48 /* 48.旋转图像.swift */; };
		7DFBA25128AB4ADF00F3CE48 /* 49.-字母异位词分组.swift in Sources */ = {isa = PBXBuildFile; fileRef = 7DFBA25028AB4ADF00F3CE48 /* 49.-字母异位词分组.swift */; };
		7DFBA25328AB4AFE00F3CE48 /* 58.-最后一个单词的长度.swift in Sources */ = {isa = PBXBuildFile; fileRef = 7DFBA25228AB4AFE00F3CE48 /* 58.-最后一个单词的长度.swift */; };
		7DFBA25528AB4B1800F3CE48 /* 64.-最小路径和.swift in Sources */ = {isa = PBXBuildFile; fileRef = 7DFBA25428AB4B1800F3CE48 /* 64.-最小路径和.swift */; };
		7DFBA25728AB4B2F00F3CE48 /* 66.加一.swift in Sources */ = {isa = PBXBuildFile; fileRef = 7DFBA25628AB4B2F00F3CE48 /* 66.加一.swift */; };
		7DFBA25928AB4B4700F3CE48 /* 67.-二进制求和.swift in Sources */ = {isa = PBXBuildFile; fileRef = 7DFBA25828AB4B4700F3CE48 /* 67.-二进制求和.swift */; };
		7DFBA25B28AB4B6600F3CE48 /* 69.-x-的平方根.swift in Sources */ = {isa = PBXBuildFile; fileRef = 7DFBA25A28AB4B6600F3CE48 /* 69.-x-的平方根.swift */; };
		7DFBA25D28AB4B8500F3CE48 /* 88.-合并两个有序数组.swift in Sources */ = {isa = PBXBuildFile; fileRef = 7DFBA25C28AB4B8500F3CE48 /* 88.-合并两个有序数组.swift */; };
		7DFBA25F28AB4BAC00F3CE48 /* 94.-二叉树的中序遍历.swift in Sources */ = {isa = PBXBuildFile; fileRef = 7DFBA25E28AB4BAC00F3CE48 /* 94.-二叉树的中序遍历.swift */; };
		7DFBA26128AB4BC100F3CE48 /* 100.-相同的树.swift in Sources */ = {isa = PBXBuildFile; fileRef = 7DFBA26028AB4BC100F3CE48 /* 100.-相同的树.swift */; };
		7DFBA26328AB4BD700F3CE48 /* 101.-对称二叉树.swift in Sources */ = {isa = PBXBuildFile; fileRef = 7DFBA26228AB4BD700F3CE48 /* 101.-对称二叉树.swift */; };
		7DFBA26528AB4BFC00F3CE48 /* 105.-从前序与中序遍历序列构造二叉树.swift in Sources */ = {isa = PBXBuildFile; fileRef = 7DFBA26428AB4BFC00F3CE48 /* 105.-从前序与中序遍历序列构造二叉树.swift */; };
		7DFBA26728AB4C1C00F3CE48 /* 107.-二叉树的层序遍历-ii.swift in Sources */ = {isa = PBXBuildFile; fileRef = 7DFBA26628AB4C1C00F3CE48 /* 107.-二叉树的层序遍历-ii.swift */; };
		7DFBA26928AB4C3500F3CE48 /* 108.-将有序数组转换为二叉搜索树.swift in Sources */ = {isa = PBXBuildFile; fileRef = 7DFBA26828AB4C3500F3CE48 /* 108.-将有序数组转换为二叉搜索树.swift */; };
		7DFBA26B28AB4C5000F3CE48 /* 118.杨辉三角.swift in Sources */ = {isa = PBXBuildFile; fileRef = 7DFBA26A28AB4C5000F3CE48 /* 118.杨辉三角.swift */; };
		7DFBA26D28AB4C6C00F3CE48 /* 121.-买卖股票的最佳时机.swift in Sources */ = {isa = PBXBuildFile; fileRef = 7DFBA26C28AB4C6C00F3CE48 /* 121.-买卖股票的最佳时机.swift */; };
		7DFBA26F28AB4C8B00F3CE48 /* 125.-验证回文串.swift in Sources */ = {isa = PBXBuildFile; fileRef = 7DFBA26E28AB4C8B00F3CE48 /* 125.-验证回文串.swift */; };
		7DFBA27128AB4CA500F3CE48 /* 136.-只出现一次的数字.swift in Sources */ = {isa = PBXBuildFile; fileRef = 7DFBA27028AB4CA500F3CE48 /* 136.-只出现一次的数字.swift */; };
		7DFBA27328AB4CC300F3CE48 /* 148.-排序链表.swift in Sources */ = {isa = PBXBuildFile; fileRef = 7DFBA27228AB4CC300F3CE48 /* 148.-排序链表.swift */; };
		7DFBA27528AB4CE900F3CE48 /* 169.-多数元素.swift in Sources */ = {isa = PBXBuildFile; fileRef = 7DFBA27428AB4CE900F3CE48 /* 169.-多数元素.swift */; };
		7DFBA27728AB4D0A00F3CE48 /* 171.-excel-表列序号.swift in Sources */ = {isa = PBXBuildFile; fileRef = 7DFBA27628AB4D0A00F3CE48 /* 171.-excel-表列序号.swift */; };
		7DFBA27928AB4D2000F3CE48 /* 172.-阶乘后的零.swift in Sources */ = {isa = PBXBuildFile; fileRef = 7DFBA27828AB4D2000F3CE48 /* 172.-阶乘后的零.swift */; };
		7DFBA27B28AB4D3900F3CE48 /* 190.-颠倒二进制位.swift in Sources */ = {isa = PBXBuildFile; fileRef = 7DFBA27A28AB4D3900F3CE48 /* 190.-颠倒二进制位.swift */; };
		7DFBA27D28AB4D4E00F3CE48 /* 191.-位-1-的个数.swift in Sources */ = {isa = PBXBuildFile; fileRef = 7DFBA27C28AB4D4E00F3CE48 /* 191.-位-1-的个数.swift */; };
		7DFBA27F28AB4D6200F3CE48 /* 198.-打家劫舍.swift in Sources */ = {isa = PBXBuildFile; fileRef = 7DFBA27E28AB4D6200F3CE48 /* 198.-打家劫舍.swift */; };
		7DFBA28128AB4D8500F3CE48 /* 202.-快乐数.swift in Sources */ = {isa = PBXBuildFile; fileRef = 7DFBA28028AB4D8500F3CE48 /* 202.-快乐数.swift */; };
		7DFBA28328AB4D9900F3CE48 /* 204.-计数质数.swift in Sources */ = {isa = PBXBuildFile; fileRef = 7DFBA28228AB4D9900F3CE48 /* 204.-计数质数.swift */; };
		7DFBA28528AB4DB000F3CE48 /* 206.反转链表.swift in Sources */ = {isa = PBXBuildFile; fileRef = 7DFBA28428AB4DB000F3CE48 /* 206.反转链表.swift */; };
		7DFBA28728AB4DD500F3CE48 /* 217.-存在重复元素.swift in Sources */ = {isa = PBXBuildFile; fileRef = 7DFBA28628AB4DD500F3CE48 /* 217.-存在重复元素.swift */; };
		7DFBA28928AB4DEA00F3CE48 /* 226.-翻转二叉树.swift in Sources */ = {isa = PBXBuildFile; fileRef = 7DFBA28828AB4DEA00F3CE48 /* 226.-翻转二叉树.swift */; };
		7DFBA28B28AB4E0500F3CE48 /* 234.回文链表.swift in Sources */ = {isa = PBXBuildFile; fileRef = 7DFBA28A28AB4E0500F3CE48 /* 234.回文链表.swift */; };
		7DFBA28D28AB4E1A00F3CE48 /* 237.-删除链表中的节点.swift in Sources */ = {isa = PBXBuildFile; fileRef = 7DFBA28C28AB4E1A00F3CE48 /* 237.-删除链表中的节点.swift */; };
		7DFBA28F28AB4E2E00F3CE48 /* 238.-除自身以外数组的乘积.swift in Sources */ = {isa = PBXBuildFile; fileRef = 7DFBA28E28AB4E2E00F3CE48 /* 238.-除自身以外数组的乘积.swift */; };
		7DFBA29128AB4E4700F3CE48 /* 242.-有效的字母异位词.swift in Sources */ = {isa = PBXBuildFile; fileRef = 7DFBA29028AB4E4700F3CE48 /* 242.-有效的字母异位词.swift */; };
		7DFBA29328AB4E5D00F3CE48 /* 258.-各位相加.swift in Sources */ = {isa = PBXBuildFile; fileRef = 7DFBA29228AB4E5D00F3CE48 /* 258.-各位相加.swift */; };
		7DFBA29528AB4E7300F3CE48 /* 268.-丢失的数字.swift in Sources */ = {isa = PBXBuildFile; fileRef = 7DFBA29428AB4E7300F3CE48 /* 268.-丢失的数字.swift */; };
		7DFBA29728AB4E8C00F3CE48 /* 292.-nim-游戏.swift in Sources */ = {isa = PBXBuildFile; fileRef = 7DFBA29628AB4E8C00F3CE48 /* 292.-nim-游戏.swift */; };
		7DFBA29928AB4EAC00F3CE48 /* 326.-3-的幂.swift in Sources */ = {isa = PBXBuildFile; fileRef = 7DFBA29828AB4EAC00F3CE48 /* 326.-3-的幂.swift */; };
		7DFBA29B28AB4EC500F3CE48 /* 338.-比特位计数.swift in Sources */ = {isa = PBXBuildFile; fileRef = 7DFBA29A28AB4EC500F3CE48 /* 338.-比特位计数.swift */; };
		7DFBA29D28AB4EE700F3CE48 /* 350.-两个数组的交集-ii.swift in Sources */ = {isa = PBXBuildFile; fileRef = 7DFBA29C28AB4EE700F3CE48 /* 350.-两个数组的交集-ii.swift */; };
		7DFBA29F28AB4EFE00F3CE48 /* 387.-字符串中的第一个唯一字符.swift in Sources */ = {isa = PBXBuildFile; fileRef = 7DFBA29E28AB4EFE00F3CE48 /* 387.-字符串中的第一个唯一字符.swift */; };
		7DFBA2A128AB4F1400F3CE48 /* 401.-二进制手表.swift in Sources */ = {isa = PBXBuildFile; fileRef = 7DFBA2A028AB4F1400F3CE48 /* 401.-二进制手表.swift */; };
		7DFBA2A328AB4F3400F3CE48 /* 412.-fizz-buzz.swift in Sources */ = {isa = PBXBuildFile; fileRef = 7DFBA2A228AB4F3400F3CE48 /* 412.-fizz-buzz.swift */; };
		7DFBA2A528AB4F4E00F3CE48 /* 437.-路径总和-iii.swift in Sources */ = {isa = PBXBuildFile; fileRef = 7DFBA2A428AB4F4E00F3CE48 /* 437.-路径总和-iii.swift */; };
		7DFBA2A728AB4F7400F3CE48 /* 448.-找到所有数组中消失的数字.swift in Sources */ = {isa = PBXBuildFile; fileRef = 7DFBA2A628AB4F7400F3CE48 /* 448.-找到所有数组中消失的数字.swift */; };
		7DFBA2A928AB4F8C00F3CE48 /* 461.-汉明距离.swift in Sources */ = {isa = PBXBuildFile; fileRef = 7DFBA2A828AB4F8C00F3CE48 /* 461.-汉明距离.swift */; };
		7DFBA2AB28AB4FA300F3CE48 /* 476.-数字的补数.swift in Sources */ = {isa = PBXBuildFile; fileRef = 7DFBA2AA28AB4FA300F3CE48 /* 476.-数字的补数.swift */; };
		7DFBA2AD28AB4FB900F3CE48 /* 500.-键盘行.swift in Sources */ = {isa = PBXBuildFile; fileRef = 7DFBA2AC28AB4FB900F3CE48 /* 500.-键盘行.swift */; };
		7DFBA2AF28AB4FD200F3CE48 /* 538.-把二叉搜索树转换为累加树.swift in Sources */ = {isa = PBXBuildFile; fileRef = 7DFBA2AE28AB4FD200F3CE48 /* 538.-把二叉搜索树转换为累加树.swift */; };
		7DFBA2B128AB4FEA00F3CE48 /* 541.-反转字符串-ii.swift in Sources */ = {isa = PBXBuildFile; fileRef = 7DFBA2B028AB4FEA00F3CE48 /* 541.-反转字符串-ii.swift */; };
		7DFBA2B328AB500600F3CE48 /* 559.-n-叉树的最大深度.swift in Sources */ = {isa = PBXBuildFile; fileRef = 7DFBA2B228AB500600F3CE48 /* 559.-n-叉树的最大深度.swift */; };
		7DFBA2B528AB501B00F3CE48 /* 561.-数组拆分.swift in Sources */ = {isa = PBXBuildFile; fileRef = 7DFBA2B428AB501B00F3CE48 /* 561.-数组拆分.swift */; };
		7DFBA2B728AB503100F3CE48 /* 581.-最短无序连续子数组.swift in Sources */ = {isa = PBXBuildFile; fileRef = 7DFBA2B628AB503100F3CE48 /* 581.-最短无序连续子数组.swift */; };
		7DFBA2B928AB504F00F3CE48 /* 589.-n-叉树的前序遍历.swift in Sources */ = {isa = PBXBuildFile; fileRef = 7DFBA2B828AB504F00F3CE48 /* 589.-n-叉树的前序遍历.swift */; };
		7DFBA2BB28AB506500F3CE48 /* 590.-n-叉树的后序遍历.swift in Sources */ = {isa = PBXBuildFile; fileRef = 7DFBA2BA28AB506500F3CE48 /* 590.-n-叉树的后序遍历.swift */; };
		7DFBA2BD28AB507A00F3CE48 /* 617.-合并二叉树.swift in Sources */ = {isa = PBXBuildFile; fileRef = 7DFBA2BC28AB507A00F3CE48 /* 617.-合并二叉树.swift */; };
		7DFBA2BF28AB509100F3CE48 /* 657.-机器人能否返回原点.swift in Sources */ = {isa = PBXBuildFile; fileRef = 7DFBA2BE28AB509100F3CE48 /* 657.-机器人能否返回原点.swift */; };
		7DFBA2C128AB50A900F3CE48 /* 659.-分割数组为连续子序列.swift in Sources */ = {isa = PBXBuildFile; fileRef = 7DFBA2C028AB50A900F3CE48 /* 659.-分割数组为连续子序列.swift */; };
		7DFBA2C328AB50D900F3CE48 /* 693.-交替位二进制数.swift in Sources */ = {isa = PBXBuildFile; fileRef = 7DFBA2C228AB50D900F3CE48 /* 693.-交替位二进制数.swift */; };
		7DFBA2C528AB50F500F3CE48 /* 709.-转换成小写字母.swift in Sources */ = {isa = PBXBuildFile; fileRef = 7DFBA2C428AB50F500F3CE48 /* 709.-转换成小写字母.swift */; };
		7DFBA2C728AB510A00F3CE48 /* 728.-自除数.swift in Sources */ = {isa = PBXBuildFile; fileRef = 7DFBA2C628AB510A00F3CE48 /* 728.-自除数.swift */; };
		7DFBA2C928AB511F00F3CE48 /* 771.-宝石与石头.swift in Sources */ = {isa = PBXBuildFile; fileRef = 7DFBA2C828AB511F00F3CE48 /* 771.-宝石与石头.swift */; };
		7DFBA2CB28AB514800F3CE48 /* 784.-字母大小写全排列.swift in Sources */ = {isa = PBXBuildFile; fileRef = 7DFBA2CA28AB514800F3CE48 /* 784.-字母大小写全排列.swift */; };
		7DFBA2CD28AB516500F3CE48 /* 804.-唯一摩尔斯密码词.swift in Sources */ = {isa = PBXBuildFile; fileRef = 7DFBA2CC28AB516500F3CE48 /* 804.-唯一摩尔斯密码词.swift */; };
		7DFBA2CF28AB517A00F3CE48 /* 806.-写字符串需要的行数.swift in Sources */ = {isa = PBXBuildFile; fileRef = 7DFBA2CE28AB517A00F3CE48 /* 806.-写字符串需要的行数.swift */; };
		7DFBA2D128AB518D00F3CE48 /* 811.-子域名访问计数.swift in Sources */ = {isa = PBXBuildFile; fileRef = 7DFBA2D028AB518D00F3CE48 /* 811.-子域名访问计数.swift */; };
		7DFBA2D328AB51A300F3CE48 /* 821.-字符的最短距离.swift in Sources */ = {isa = PBXBuildFile; fileRef = 7DFBA2D228AB51A300F3CE48 /* 821.-字符的最短距离.swift */; };
		7DFBA2D528AB51BF00F3CE48 /* 832.-翻转图像.swift in Sources */ = {isa = PBXBuildFile; fileRef = 7DFBA2D428AB51BF00F3CE48 /* 832.-翻转图像.swift */; };
		7DFBA2D728AB51DF00F3CE48 /* 852.-山脉数组的峰顶索引.swift in Sources */ = {isa = PBXBuildFile; fileRef = 7DFBA2D628AB51DF00F3CE48 /* 852.-山脉数组的峰顶索引.swift */; };
		7DFBA2D928AB51F500F3CE48 /* 867.-转置矩阵.swift in Sources */ = {isa = PBXBuildFile; fileRef = 7DFBA2D828AB51F500F3CE48 /* 867.-转置矩阵.swift */; };
		7DFBA2DB28AB520C00F3CE48 /* 991.-坏了的计算器.swift in Sources */ = {isa = PBXBuildFile; fileRef = 7DFBA2DA28AB520C00F3CE48 /* 991.-坏了的计算器.swift */; };
		7DFBA2DD28AB534A00F3CE48 /* 25.-k-个一组翻转链表.swift in Sources */ = {isa = PBXBuildFile; fileRef = 7DFBA2DC28AB534A00F3CE48 /* 25.-k-个一组翻转链表.swift */; };
		7DFBA2DF28AB537400F3CE48 /* 32.-最长有效括号.swift in Sources */ = {isa = PBXBuildFile; fileRef = 7DFBA2DE28AB537400F3CE48 /* 32.-最长有效括号.swift */; };
		7DFBA2E128AB539900F3CE48 /* 57.-插入区间.swift in Sources */ = {isa = PBXBuildFile; fileRef = 7DFBA2E028AB539900F3CE48 /* 57.-插入区间.swift */; };
		7DFBA2E328AB53B900F3CE48 /* 59.-螺旋矩阵-ii.swift in Sources */ = {isa = PBXBuildFile; fileRef = 7DFBA2E228AB53B900F3CE48 /* 59.-螺旋矩阵-ii.swift */; };
		7DFBA2E528AB53CF00F3CE48 /* 61.-旋转链表.swift in Sources */ = {isa = PBXBuildFile; fileRef = 7DFBA2E428AB53CF00F3CE48 /* 61.-旋转链表.swift */; };
		7DFBA2E728AB53EE00F3CE48 /* 78.-子集.swift in Sources */ = {isa = PBXBuildFile; fileRef = 7DFBA2E628AB53EE00F3CE48 /* 78.-子集.swift */; };
		7DFBA2E928AB540F00F3CE48 /* 96.-不同的二叉搜索树.swift in Sources */ = {isa = PBXBuildFile; fileRef = 7DFBA2E828AB540F00F3CE48 /* 96.-不同的二叉搜索树.swift */; };
		7DFBA2EB28AB543500F3CE48 /* 127.-单词接龙.swift in Sources */ = {isa = PBXBuildFile; fileRef = 7DFBA2EA28AB543500F3CE48 /* 127.-单词接龙.swift */; };
		7DFBA2ED28AB544C00F3CE48 /* 131.-分割回文串.swift in Sources */ = {isa = PBXBuildFile; fileRef = 7DFBA2EC28AB544C00F3CE48 /* 131.-分割回文串.swift */; };
		7DFBA2EF28AB546A00F3CE48 /* 155.-最小栈.swift in Sources */ = {isa = PBXBuildFile; fileRef = 7DFBA2EE28AB546A00F3CE48 /* 155.-最小栈.swift */; };
		7DFBA2F128AB54C000F3CE48 /* 289.-生命游戏.swift in Sources */ = {isa = PBXBuildFile; fileRef = 7DFBA2F028AB54C000F3CE48 /* 289.-生命游戏.swift */; };
		7DFBA2F328AB553200F3CE48 /* 876.链表的中间结点.swift in Sources */ = {isa = PBXBuildFile; fileRef = 7DFBA2F228AB553200F3CE48 /* 876.链表的中间结点.swift */; };
		7DFBA2F528AB631D00F3CE48 /* 144.二叉树的前序遍历.swift in Sources */ = {isa = PBXBuildFile; fileRef = 7DFBA2F428AB631D00F3CE48 /* 144.二叉树的前序遍历.swift */; };
		7DFBA2F728ABDCFC00F3CE48 /* 链表翻转专项.swift in Sources */ = {isa = PBXBuildFile; fileRef = 7DFBA2F628ABDCFC00F3CE48 /* 链表翻转专项.swift */; };
		7DFBA2FF28AF0F6B00F3CE48 /* StudyLeetcodeProjectTest.swift in Sources */ = {isa = PBXBuildFile; fileRef = 7DFBA2FE28AF0F6B00F3CE48 /* StudyLeetcodeProjectTest.swift */; };
		7DFBA30428AF0FE800F3CE48 /* Test3.swift in Sources */ = {isa = PBXBuildFile; fileRef = 7DFBA30328AF0FE800F3CE48 /* Test3.swift */; };
		7DFBA30528AF107900F3CE48 /* 3.无重复字符的最长子串.swift in Sources */ = {isa = PBXBuildFile; fileRef = 7DFBA1F028AA703E00F3CE48 /* 3.无重复字符的最长子串.swift */; };
/* End PBXBuildFile section */

/* Begin PBXCopyFilesBuildPhase section */
		7D5DA06D289D14BB00D73F0E /* CopyFiles */ = {
			isa = PBXCopyFilesBuildPhase;
			buildActionMask = 2147483647;
			dstPath = /usr/share/man/man1/;
			dstSubfolderSpec = 0;
			files = (
			);
			runOnlyForDeploymentPostprocessing = 1;
		};
/* End PBXCopyFilesBuildPhase section */

/* Begin PBXFileReference section */
		7D5DA06F289D14BB00D73F0E /* StudyLeetcodeProject */ = {isa = PBXFileReference; explicitFileType = "compiled.mach-o.executable"; includeInIndex = 0; path = StudyLeetcodeProject; sourceTree = BUILT_PRODUCTS_DIR; };
		7D5DA072289D14BB00D73F0E /* main.swift */ = {isa = PBXFileReference; lastKnownFileType = sourcecode.swift; path = main.swift; sourceTree = "<group>"; };
		7D5DA079289D14D800D73F0E /* 21.合并两个有序链表.swift */ = {isa = PBXFileReference; lastKnownFileType = sourcecode.swift; path = "21.合并两个有序链表.swift"; sourceTree = "<group>"; };
		7D5DA07B289D153800D73F0E /* 23.合并k个升序链表.swift */ = {isa = PBXFileReference; lastKnownFileType = sourcecode.swift; path = "23.合并k个升序链表.swift"; sourceTree = "<group>"; };
		7D5DA07D289D15D900D73F0E /* 86.分隔链表.swift */ = {isa = PBXFileReference; lastKnownFileType = sourcecode.swift; path = "86.分隔链表.swift"; sourceTree = "<group>"; };
		7D5DA07F289D162800D73F0E /* 141.环形链表.swift */ = {isa = PBXFileReference; lastKnownFileType = sourcecode.swift; path = "141.环形链表.swift"; sourceTree = "<group>"; };
		7D5DA081289D376300D73F0E /* 19.删除链表的倒数第-n-个结点.swift */ = {isa = PBXFileReference; lastKnownFileType = sourcecode.swift; path = "19.删除链表的倒数第-n-个结点.swift"; sourceTree = "<group>"; };
		7D5DA083289D402500D73F0E /* 142.环形链表-ii.swift */ = {isa = PBXFileReference; lastKnownFileType = sourcecode.swift; path = "142.环形链表-ii.swift"; sourceTree = "<group>"; };
		7D5DA085289D449B00D73F0E /* 160.相交链表.swift */ = {isa = PBXFileReference; lastKnownFileType = sourcecode.swift; path = "160.相交链表.swift"; sourceTree = "<group>"; };
		7D5DA08728A0A49600D73F0E /* 26.删除有序数组中的重复项.swift */ = {isa = PBXFileReference; lastKnownFileType = sourcecode.swift; path = "26.删除有序数组中的重复项.swift"; sourceTree = "<group>"; };
		7D5DA08928A0A72200D73F0E /* 83.删除排序链表中的重复元素.swift */ = {isa = PBXFileReference; lastKnownFileType = sourcecode.swift; path = "83.删除排序链表中的重复元素.swift"; sourceTree = "<group>"; };
		7D5DA08B28A0A90100D73F0E /* 27.移除元素.swift */ = {isa = PBXFileReference; lastKnownFileType = sourcecode.swift; path = "27.移除元素.swift"; sourceTree = "<group>"; };
		7D5DA08D28A0AA9500D73F0E /* 283.移动零.swift */ = {isa = PBXFileReference; lastKnownFileType = sourcecode.swift; path = "283.移动零.swift"; sourceTree = "<group>"; };
		7D5DA08F28A0E4A600D73F0E /* 167.两数之和-ii-输入有序数组.swift */ = {isa = PBXFileReference; lastKnownFileType = sourcecode.swift; path = "167.两数之和-ii-输入有序数组.swift"; sourceTree = "<group>"; };
		7D5DA09128A0E5E400D73F0E /* 1.两数之和.swift */ = {isa = PBXFileReference; lastKnownFileType = sourcecode.swift; path = "1.两数之和.swift"; sourceTree = "<group>"; };
		7D5DA09328A0E90F00D73F0E /* 344.反转字符串.swift */ = {isa = PBXFileReference; lastKnownFileType = sourcecode.swift; path = "344.反转字符串.swift"; sourceTree = "<group>"; };
		7D5DA09528A0EBA900D73F0E /* 5.最长回文子串.swift */ = {isa = PBXFileReference; lastKnownFileType = sourcecode.swift; path = "5.最长回文子串.swift"; sourceTree = "<group>"; };
		7D5DE67728A9E54A00D73F0E /* 322.零钱兑换.swift */ = {isa = PBXFileReference; lastKnownFileType = sourcecode.swift; path = "322.零钱兑换.swift"; sourceTree = "<group>"; };
		7D5DE67928A9F1BE00D73F0E /* 112.路径总和.swift */ = {isa = PBXFileReference; lastKnownFileType = sourcecode.swift; path = "112.路径总和.swift"; sourceTree = "<group>"; };
		7D5DE67B28A9F81200D73F0E /* 91.解码方法.swift */ = {isa = PBXFileReference; lastKnownFileType = sourcecode.swift; path = "91.解码方法.swift"; sourceTree = "<group>"; };
		7D5DE67D28AA243400D73F0E /* 221.最大正方形.swift */ = {isa = PBXFileReference; lastKnownFileType = sourcecode.swift; path = "221.最大正方形.swift"; sourceTree = "<group>"; };
		7D5DE67F28AA295D00D73F0E /* 70.爬楼梯.swift */ = {isa = PBXFileReference; lastKnownFileType = sourcecode.swift; path = "70.爬楼梯.swift"; sourceTree = "<group>"; };
		7D5DE68128AA309400D73F0E /* 115.不同的子序列.swift */ = {isa = PBXFileReference; lastKnownFileType = sourcecode.swift; path = "115.不同的子序列.swift"; sourceTree = "<group>"; };
		7D7E5DB228AE55AA0077876A /* 93.复原-ip-地址.swift */ = {isa = PBXFileReference; lastKnownFileType = sourcecode.swift; path = "93.复原-ip-地址.swift"; sourceTree = "<group>"; };
		7D7E5DB428AE6A530077876A /* 328.奇偶链表.swift */ = {isa = PBXFileReference; lastKnownFileType = sourcecode.swift; path = "328.奇偶链表.swift"; sourceTree = "<group>"; };
		7D7E5DB628AF324C0077876A /* Test25.swift */ = {isa = PBXFileReference; lastKnownFileType = sourcecode.swift; path = Test25.swift; sourceTree = "<group>"; };
		7D7E5DBB28AF82990077876A /* 差分工具.swift */ = {isa = PBXFileReference; lastKnownFileType = sourcecode.swift; path = "差分工具.swift"; sourceTree = "<group>"; };
		7D7E5DBD28AF85E20077876A /* 1109.航班预订统计.swift */ = {isa = PBXFileReference; lastKnownFileType = sourcecode.swift; path = "1109.航班预订统计.swift"; sourceTree = "<group>"; };
		7D7E5DBF28AF8A710077876A /* 1094.拼车.swift */ = {isa = PBXFileReference; lastKnownFileType = sourcecode.swift; path = "1094.拼车.swift"; sourceTree = "<group>"; };
		7D7E5DC128AF99510077876A /* 54.螺旋矩阵.swift */ = {isa = PBXFileReference; lastKnownFileType = sourcecode.swift; path = "54.螺旋矩阵.swift"; sourceTree = "<group>"; };
		7D85C0B628A1F2140039F38D /* 1.排序算法.swift */ = {isa = PBXFileReference; lastKnownFileType = sourcecode.swift; path = "1.排序算法.swift"; sourceTree = "<group>"; };
		7D85C0B828A1F2320039F38D /* 2.查找算法.swift */ = {isa = PBXFileReference; lastKnownFileType = sourcecode.swift; path = "2.查找算法.swift"; sourceTree = "<group>"; };
		7D85C0BA28A1F2470039F38D /* 3.二叉树的遍历算法.swift */ = {isa = PBXFileReference; lastKnownFileType = sourcecode.swift; path = "3.二叉树的遍历算法.swift"; sourceTree = "<group>"; };
		7D85C0BC28A23DCC0039F38D /* ListNode.swift */ = {isa = PBXFileReference; lastKnownFileType = sourcecode.swift; path = ListNode.swift; sourceTree = "<group>"; };
		7D85C0BF28A23F680039F38D /* TreeNode.swift */ = {isa = PBXFileReference; lastKnownFileType = sourcecode.swift; path = TreeNode.swift; sourceTree = "<group>"; };
		7D85C0C128A23FC30039F38D /* 104.二叉树的最大深度.swift */ = {isa = PBXFileReference; lastKnownFileType = sourcecode.swift; path = "104.二叉树的最大深度.swift"; sourceTree = "<group>"; };
		7D85C0C328A254BD0039F38D /* 543.二叉树的直径.swift */ = {isa = PBXFileReference; lastKnownFileType = sourcecode.swift; path = "543.二叉树的直径.swift"; sourceTree = "<group>"; };
		7D85C0C528A25BD40039F38D /* 509.斐波那契数.swift */ = {isa = PBXFileReference; lastKnownFileType = sourcecode.swift; path = "509.斐波那契数.swift"; sourceTree = "<group>"; };
		7DFBA1EE28AA6CC500F3CE48 /* 2.两数相加.swift */ = {isa = PBXFileReference; lastKnownFileType = sourcecode.swift; path = "2.两数相加.swift"; sourceTree = "<group>"; };
		7DFBA1F028AA703E00F3CE48 /* 3.无重复字符的最长子串.swift */ = {isa = PBXFileReference; lastKnownFileType = sourcecode.swift; path = "3.无重复字符的最长子串.swift"; sourceTree = "<group>"; };
		7DFBA1F228AA80D300F3CE48 /* 4.寻找两个正序数组的中位数.swift */ = {isa = PBXFileReference; lastKnownFileType = sourcecode.swift; path = "4.寻找两个正序数组的中位数.swift"; sourceTree = "<group>"; };
		7DFBA1F428AA82FA00F3CE48 /* 6.z-字形变换.swift */ = {isa = PBXFileReference; lastKnownFileType = sourcecode.swift; path = "6.z-字形变换.swift"; sourceTree = "<group>"; };
		7DFBA1F628AA9F5A00F3CE48 /* 7.整数反转.swift */ = {isa = PBXFileReference; lastKnownFileType = sourcecode.swift; path = "7.整数反转.swift"; sourceTree = "<group>"; };
		7DFBA1F828AAA0ED00F3CE48 /* 8.字符串转换整数-atoi.swift */ = {isa = PBXFileReference; lastKnownFileType = sourcecode.swift; path = "8.字符串转换整数-atoi.swift"; sourceTree = "<group>"; };
		7DFBA1FA28AAA8F300F3CE48 /* 9.回文数.swift */ = {isa = PBXFileReference; lastKnownFileType = sourcecode.swift; path = "9.回文数.swift"; sourceTree = "<group>"; };
		7DFBA1FC28AAA95900F3CE48 /* 10.正则表达式匹配.swift */ = {isa = PBXFileReference; lastKnownFileType = sourcecode.swift; path = "10.正则表达式匹配.swift"; sourceTree = "<group>"; };
		7DFBA1FE28AB394400F3CE48 /* 15.三数之和.swift */ = {isa = PBXFileReference; lastKnownFileType = sourcecode.swift; path = "15.三数之和.swift"; sourceTree = "<group>"; };
		7DFBA20028AB450F00F3CE48 /* 20.-有效的括号.swift */ = {isa = PBXFileReference; lastKnownFileType = sourcecode.swift; path = "20.-有效的括号.swift"; sourceTree = "<group>"; };
		7DFBA20228AB452C00F3CE48 /* 39.-组合总和.swift */ = {isa = PBXFileReference; lastKnownFileType = sourcecode.swift; path = "39.-组合总和.swift"; sourceTree = "<group>"; };
		7DFBA20428AB454C00F3CE48 /* 53.-最大子数组和.swift */ = {isa = PBXFileReference; lastKnownFileType = sourcecode.swift; path = "53.-最大子数组和.swift"; sourceTree = "<group>"; };
		7DFBA20628AB456700F3CE48 /* 56.-合并区间.swift */ = {isa = PBXFileReference; lastKnownFileType = sourcecode.swift; path = "56.-合并区间.swift"; sourceTree = "<group>"; };
		7DFBA20828AB458F00F3CE48 /* 89.-格雷编码.swift */ = {isa = PBXFileReference; lastKnownFileType = sourcecode.swift; path = "89.-格雷编码.swift"; sourceTree = "<group>"; };
		7DFBA20A28AB45B100F3CE48 /* 92.反转链表-ii.swift */ = {isa = PBXFileReference; lastKnownFileType = sourcecode.swift; path = "92.反转链表-ii.swift"; sourceTree = "<group>"; };
		7DFBA20C28AB45DB00F3CE48 /* 102.-二叉树的层序遍历.swift */ = {isa = PBXFileReference; lastKnownFileType = sourcecode.swift; path = "102.-二叉树的层序遍历.swift"; sourceTree = "<group>"; };
		7DFBA20E28AB460000F3CE48 /* 114.-二叉树展开为链表.swift */ = {isa = PBXFileReference; lastKnownFileType = sourcecode.swift; path = "114.-二叉树展开为链表.swift"; sourceTree = "<group>"; };
		7DFBA21028AB462600F3CE48 /* 116.-填充每个节点的下一个右侧节点指针.swift */ = {isa = PBXFileReference; lastKnownFileType = sourcecode.swift; path = "116.-填充每个节点的下一个右侧节点指针.swift"; sourceTree = "<group>"; };
		7DFBA21228AB464F00F3CE48 /* 122.-买卖股票的最佳时机-ii.swift */ = {isa = PBXFileReference; lastKnownFileType = sourcecode.swift; path = "122.-买卖股票的最佳时机-ii.swift"; sourceTree = "<group>"; };
		7DFBA21428AB466A00F3CE48 /* 146.-lru-缓存.swift */ = {isa = PBXFileReference; lastKnownFileType = sourcecode.swift; path = "146.-lru-缓存.swift"; sourceTree = "<group>"; };
		7DFBA21628AB468300F3CE48 /* 151.-颠倒字符串中的单词.swift */ = {isa = PBXFileReference; lastKnownFileType = sourcecode.swift; path = "151.-颠倒字符串中的单词.swift"; sourceTree = "<group>"; };
		7DFBA21828AB46E300F3CE48 /* 189.-轮转数组.swift */ = {isa = PBXFileReference; lastKnownFileType = sourcecode.swift; path = "189.-轮转数组.swift"; sourceTree = "<group>"; };
		7DFBA21A28AB470000F3CE48 /* 200.-岛屿数量.swift */ = {isa = PBXFileReference; lastKnownFileType = sourcecode.swift; path = "200.-岛屿数量.swift"; sourceTree = "<group>"; };
		7DFBA21C28AB471C00F3CE48 /* 207.-课程表.swift */ = {isa = PBXFileReference; lastKnownFileType = sourcecode.swift; path = "207.-课程表.swift"; sourceTree = "<group>"; };
		7DFBA21E28AB474C00F3CE48 /* 208.-实现-trie-前缀树.swift */ = {isa = PBXFileReference; lastKnownFileType = sourcecode.swift; path = "208.-实现-trie-前缀树.swift"; sourceTree = "<group>"; };
		7DFBA22028AB477100F3CE48 /* 215.-数组中的第k个最大元素.swift */ = {isa = PBXFileReference; lastKnownFileType = sourcecode.swift; path = "215.-数组中的第k个最大元素.swift"; sourceTree = "<group>"; };
		7DFBA22228AB479500F3CE48 /* 230.-二叉搜索树中第k小的元素.swift */ = {isa = PBXFileReference; lastKnownFileType = sourcecode.swift; path = "230.-二叉搜索树中第k小的元素.swift"; sourceTree = "<group>"; };
		7DFBA22428AB47CF00F3CE48 /* 231.-2-的幂.swift */ = {isa = PBXFileReference; lastKnownFileType = sourcecode.swift; path = "231.-2-的幂.swift"; sourceTree = "<group>"; };
		7DFBA22628AB47F100F3CE48 /* 235.-二叉搜索树的最近公共祖先.swift */ = {isa = PBXFileReference; lastKnownFileType = sourcecode.swift; path = "235.-二叉搜索树的最近公共祖先.swift"; sourceTree = "<group>"; };
		7DFBA22828AB480B00F3CE48 /* 236.-二叉树的最近公共祖先.swift */ = {isa = PBXFileReference; lastKnownFileType = sourcecode.swift; path = "236.-二叉树的最近公共祖先.swift"; sourceTree = "<group>"; };
		7DFBA22A28AB482700F3CE48 /* 287.-寻找重复数.swift */ = {isa = PBXFileReference; lastKnownFileType = sourcecode.swift; path = "287.-寻找重复数.swift"; sourceTree = "<group>"; };
		7DFBA22C28AB484900F3CE48 /* 371.-两整数之和.swift */ = {isa = PBXFileReference; lastKnownFileType = sourcecode.swift; path = "371.-两整数之和.swift"; sourceTree = "<group>"; };
		7DFBA22E28AB485E00F3CE48 /* 415.-字符串相加.swift */ = {isa = PBXFileReference; lastKnownFileType = sourcecode.swift; path = "415.-字符串相加.swift"; sourceTree = "<group>"; };
		7DFBA23028AB48A700F3CE48 /* 518.-零钱兑换-ii.swift */ = {isa = PBXFileReference; lastKnownFileType = sourcecode.swift; path = "518.-零钱兑换-ii.swift"; sourceTree = "<group>"; };
		7DFBA23228AB48BD00F3CE48 /* 557.-反转字符串中的单词-iii.swift */ = {isa = PBXFileReference; lastKnownFileType = sourcecode.swift; path = "557.-反转字符串中的单词-iii.swift"; sourceTree = "<group>"; };
		7DFBA23428AB48D200F3CE48 /* 654.-最大二叉树.swift */ = {isa = PBXFileReference; lastKnownFileType = sourcecode.swift; path = "654.-最大二叉树.swift"; sourceTree = "<group>"; };
		7DFBA23628AB48E800F3CE48 /* 785.-判断二分图.swift */ = {isa = PBXFileReference; lastKnownFileType = sourcecode.swift; path = "785.-判断二分图.swift"; sourceTree = "<group>"; };
		7DFBA23828AB490D00F3CE48 /* 1143.-最长公共子序列.swift */ = {isa = PBXFileReference; lastKnownFileType = sourcecode.swift; path = "1143.-最长公共子序列.swift"; sourceTree = "<group>"; };
		7DFBA23A28AB492400F3CE48 /* 1288.-删除被覆盖区间.swift */ = {isa = PBXFileReference; lastKnownFileType = sourcecode.swift; path = "1288.-删除被覆盖区间.swift"; sourceTree = "<group>"; };
		7DFBA23C28AB494F00F3CE48 /* 11.盛最多水的容器.swift */ = {isa = PBXFileReference; lastKnownFileType = sourcecode.swift; path = "11.盛最多水的容器.swift"; sourceTree = "<group>"; };
		7DFBA23E28AB497100F3CE48 /* 13.-罗马数字转整数.swift */ = {isa = PBXFileReference; lastKnownFileType = sourcecode.swift; path = "13.-罗马数字转整数.swift"; sourceTree = "<group>"; };
		7DFBA24028AB498F00F3CE48 /* 14.-最长公共前缀.swift */ = {isa = PBXFileReference; lastKnownFileType = sourcecode.swift; path = "14.-最长公共前缀.swift"; sourceTree = "<group>"; };
		7DFBA24228AB49BC00F3CE48 /* 17.-电话号码的字母组合.swift */ = {isa = PBXFileReference; lastKnownFileType = sourcecode.swift; path = "17.-电话号码的字母组合.swift"; sourceTree = "<group>"; };
		7DFBA24428AB49E500F3CE48 /* 22.-括号生成.swift */ = {isa = PBXFileReference; lastKnownFileType = sourcecode.swift; path = "22.-括号生成.swift"; sourceTree = "<group>"; };
		7DFBA24628AB4A1A00F3CE48 /* 28.-实现-str-str.swift */ = {isa = PBXFileReference; lastKnownFileType = sourcecode.swift; path = "28.-实现-str-str.swift"; sourceTree = "<group>"; };
		7DFBA24828AB4A3D00F3CE48 /* 35.-搜索插入位置.swift */ = {isa = PBXFileReference; lastKnownFileType = sourcecode.swift; path = "35.-搜索插入位置.swift"; sourceTree = "<group>"; };
		7DFBA24A28AB4A8D00F3CE48 /* 38.-外观数列.swift */ = {isa = PBXFileReference; lastKnownFileType = sourcecode.swift; path = "38.-外观数列.swift"; sourceTree = "<group>"; };
		7DFBA24C28AB4AA500F3CE48 /* 46.-全排列.swift */ = {isa = PBXFileReference; lastKnownFileType = sourcecode.swift; path = "46.-全排列.swift"; sourceTree = "<group>"; };
		7DFBA24E28AB4ABF00F3CE48 /* 48.旋转图像.swift */ = {isa = PBXFileReference; lastKnownFileType = sourcecode.swift; path = "48.旋转图像.swift"; sourceTree = "<group>"; };
		7DFBA25028AB4ADF00F3CE48 /* 49.-字母异位词分组.swift */ = {isa = PBXFileReference; lastKnownFileType = sourcecode.swift; path = "49.-字母异位词分组.swift"; sourceTree = "<group>"; };
		7DFBA25228AB4AFE00F3CE48 /* 58.-最后一个单词的长度.swift */ = {isa = PBXFileReference; lastKnownFileType = sourcecode.swift; path = "58.-最后一个单词的长度.swift"; sourceTree = "<group>"; };
		7DFBA25428AB4B1800F3CE48 /* 64.-最小路径和.swift */ = {isa = PBXFileReference; lastKnownFileType = sourcecode.swift; path = "64.-最小路径和.swift"; sourceTree = "<group>"; };
		7DFBA25628AB4B2F00F3CE48 /* 66.加一.swift */ = {isa = PBXFileReference; lastKnownFileType = sourcecode.swift; path = "66.加一.swift"; sourceTree = "<group>"; };
		7DFBA25828AB4B4700F3CE48 /* 67.-二进制求和.swift */ = {isa = PBXFileReference; lastKnownFileType = sourcecode.swift; path = "67.-二进制求和.swift"; sourceTree = "<group>"; };
		7DFBA25A28AB4B6600F3CE48 /* 69.-x-的平方根.swift */ = {isa = PBXFileReference; lastKnownFileType = sourcecode.swift; path = "69.-x-的平方根.swift"; sourceTree = "<group>"; };
		7DFBA25C28AB4B8500F3CE48 /* 88.-合并两个有序数组.swift */ = {isa = PBXFileReference; lastKnownFileType = sourcecode.swift; path = "88.-合并两个有序数组.swift"; sourceTree = "<group>"; };
		7DFBA25E28AB4BAC00F3CE48 /* 94.-二叉树的中序遍历.swift */ = {isa = PBXFileReference; lastKnownFileType = sourcecode.swift; path = "94.-二叉树的中序遍历.swift"; sourceTree = "<group>"; };
		7DFBA26028AB4BC100F3CE48 /* 100.-相同的树.swift */ = {isa = PBXFileReference; lastKnownFileType = sourcecode.swift; path = "100.-相同的树.swift"; sourceTree = "<group>"; };
		7DFBA26228AB4BD700F3CE48 /* 101.-对称二叉树.swift */ = {isa = PBXFileReference; lastKnownFileType = sourcecode.swift; path = "101.-对称二叉树.swift"; sourceTree = "<group>"; };
		7DFBA26428AB4BFC00F3CE48 /* 105.-从前序与中序遍历序列构造二叉树.swift */ = {isa = PBXFileReference; lastKnownFileType = sourcecode.swift; path = "105.-从前序与中序遍历序列构造二叉树.swift"; sourceTree = "<group>"; };
		7DFBA26628AB4C1C00F3CE48 /* 107.-二叉树的层序遍历-ii.swift */ = {isa = PBXFileReference; lastKnownFileType = sourcecode.swift; path = "107.-二叉树的层序遍历-ii.swift"; sourceTree = "<group>"; };
		7DFBA26828AB4C3500F3CE48 /* 108.-将有序数组转换为二叉搜索树.swift */ = {isa = PBXFileReference; lastKnownFileType = sourcecode.swift; path = "108.-将有序数组转换为二叉搜索树.swift"; sourceTree = "<group>"; };
		7DFBA26A28AB4C5000F3CE48 /* 118.杨辉三角.swift */ = {isa = PBXFileReference; lastKnownFileType = sourcecode.swift; path = "118.杨辉三角.swift"; sourceTree = "<group>"; };
		7DFBA26C28AB4C6C00F3CE48 /* 121.-买卖股票的最佳时机.swift */ = {isa = PBXFileReference; lastKnownFileType = sourcecode.swift; path = "121.-买卖股票的最佳时机.swift"; sourceTree = "<group>"; };
		7DFBA26E28AB4C8B00F3CE48 /* 125.-验证回文串.swift */ = {isa = PBXFileReference; lastKnownFileType = sourcecode.swift; path = "125.-验证回文串.swift"; sourceTree = "<group>"; };
		7DFBA27028AB4CA500F3CE48 /* 136.-只出现一次的数字.swift */ = {isa = PBXFileReference; lastKnownFileType = sourcecode.swift; path = "136.-只出现一次的数字.swift"; sourceTree = "<group>"; };
		7DFBA27228AB4CC300F3CE48 /* 148.-排序链表.swift */ = {isa = PBXFileReference; lastKnownFileType = sourcecode.swift; path = "148.-排序链表.swift"; sourceTree = "<group>"; };
		7DFBA27428AB4CE900F3CE48 /* 169.-多数元素.swift */ = {isa = PBXFileReference; lastKnownFileType = sourcecode.swift; path = "169.-多数元素.swift"; sourceTree = "<group>"; };
		7DFBA27628AB4D0A00F3CE48 /* 171.-excel-表列序号.swift */ = {isa = PBXFileReference; lastKnownFileType = sourcecode.swift; path = "171.-excel-表列序号.swift"; sourceTree = "<group>"; };
		7DFBA27828AB4D2000F3CE48 /* 172.-阶乘后的零.swift */ = {isa = PBXFileReference; lastKnownFileType = sourcecode.swift; path = "172.-阶乘后的零.swift"; sourceTree = "<group>"; };
		7DFBA27A28AB4D3900F3CE48 /* 190.-颠倒二进制位.swift */ = {isa = PBXFileReference; lastKnownFileType = sourcecode.swift; path = "190.-颠倒二进制位.swift"; sourceTree = "<group>"; };
		7DFBA27C28AB4D4E00F3CE48 /* 191.-位-1-的个数.swift */ = {isa = PBXFileReference; lastKnownFileType = sourcecode.swift; path = "191.-位-1-的个数.swift"; sourceTree = "<group>"; };
		7DFBA27E28AB4D6200F3CE48 /* 198.-打家劫舍.swift */ = {isa = PBXFileReference; lastKnownFileType = sourcecode.swift; path = "198.-打家劫舍.swift"; sourceTree = "<group>"; };
		7DFBA28028AB4D8500F3CE48 /* 202.-快乐数.swift */ = {isa = PBXFileReference; lastKnownFileType = sourcecode.swift; path = "202.-快乐数.swift"; sourceTree = "<group>"; };
		7DFBA28228AB4D9900F3CE48 /* 204.-计数质数.swift */ = {isa = PBXFileReference; lastKnownFileType = sourcecode.swift; path = "204.-计数质数.swift"; sourceTree = "<group>"; };
		7DFBA28428AB4DB000F3CE48 /* 206.反转链表.swift */ = {isa = PBXFileReference; lastKnownFileType = sourcecode.swift; path = "206.反转链表.swift"; sourceTree = "<group>"; };
		7DFBA28628AB4DD500F3CE48 /* 217.-存在重复元素.swift */ = {isa = PBXFileReference; lastKnownFileType = sourcecode.swift; path = "217.-存在重复元素.swift"; sourceTree = "<group>"; };
		7DFBA28828AB4DEA00F3CE48 /* 226.-翻转二叉树.swift */ = {isa = PBXFileReference; lastKnownFileType = sourcecode.swift; path = "226.-翻转二叉树.swift"; sourceTree = "<group>"; };
		7DFBA28A28AB4E0500F3CE48 /* 234.回文链表.swift */ = {isa = PBXFileReference; lastKnownFileType = sourcecode.swift; path = "234.回文链表.swift"; sourceTree = "<group>"; };
		7DFBA28C28AB4E1A00F3CE48 /* 237.-删除链表中的节点.swift */ = {isa = PBXFileReference; lastKnownFileType = sourcecode.swift; path = "237.-删除链表中的节点.swift"; sourceTree = "<group>"; };
		7DFBA28E28AB4E2E00F3CE48 /* 238.-除自身以外数组的乘积.swift */ = {isa = PBXFileReference; lastKnownFileType = sourcecode.swift; path = "238.-除自身以外数组的乘积.swift"; sourceTree = "<group>"; };
		7DFBA29028AB4E4700F3CE48 /* 242.-有效的字母异位词.swift */ = {isa = PBXFileReference; lastKnownFileType = sourcecode.swift; path = "242.-有效的字母异位词.swift"; sourceTree = "<group>"; };
		7DFBA29228AB4E5D00F3CE48 /* 258.-各位相加.swift */ = {isa = PBXFileReference; lastKnownFileType = sourcecode.swift; path = "258.-各位相加.swift"; sourceTree = "<group>"; };
		7DFBA29428AB4E7300F3CE48 /* 268.-丢失的数字.swift */ = {isa = PBXFileReference; lastKnownFileType = sourcecode.swift; path = "268.-丢失的数字.swift"; sourceTree = "<group>"; };
		7DFBA29628AB4E8C00F3CE48 /* 292.-nim-游戏.swift */ = {isa = PBXFileReference; lastKnownFileType = sourcecode.swift; path = "292.-nim-游戏.swift"; sourceTree = "<group>"; };
		7DFBA29828AB4EAC00F3CE48 /* 326.-3-的幂.swift */ = {isa = PBXFileReference; lastKnownFileType = sourcecode.swift; path = "326.-3-的幂.swift"; sourceTree = "<group>"; };
		7DFBA29A28AB4EC500F3CE48 /* 338.-比特位计数.swift */ = {isa = PBXFileReference; lastKnownFileType = sourcecode.swift; path = "338.-比特位计数.swift"; sourceTree = "<group>"; };
		7DFBA29C28AB4EE700F3CE48 /* 350.-两个数组的交集-ii.swift */ = {isa = PBXFileReference; lastKnownFileType = sourcecode.swift; path = "350.-两个数组的交集-ii.swift"; sourceTree = "<group>"; };
		7DFBA29E28AB4EFE00F3CE48 /* 387.-字符串中的第一个唯一字符.swift */ = {isa = PBXFileReference; lastKnownFileType = sourcecode.swift; path = "387.-字符串中的第一个唯一字符.swift"; sourceTree = "<group>"; };
		7DFBA2A028AB4F1400F3CE48 /* 401.-二进制手表.swift */ = {isa = PBXFileReference; lastKnownFileType = sourcecode.swift; path = "401.-二进制手表.swift"; sourceTree = "<group>"; };
		7DFBA2A228AB4F3400F3CE48 /* 412.-fizz-buzz.swift */ = {isa = PBXFileReference; lastKnownFileType = sourcecode.swift; path = "412.-fizz-buzz.swift"; sourceTree = "<group>"; };
		7DFBA2A428AB4F4E00F3CE48 /* 437.-路径总和-iii.swift */ = {isa = PBXFileReference; lastKnownFileType = sourcecode.swift; path = "437.-路径总和-iii.swift"; sourceTree = "<group>"; };
		7DFBA2A628AB4F7400F3CE48 /* 448.-找到所有数组中消失的数字.swift */ = {isa = PBXFileReference; lastKnownFileType = sourcecode.swift; path = "448.-找到所有数组中消失的数字.swift"; sourceTree = "<group>"; };
		7DFBA2A828AB4F8C00F3CE48 /* 461.-汉明距离.swift */ = {isa = PBXFileReference; lastKnownFileType = sourcecode.swift; path = "461.-汉明距离.swift"; sourceTree = "<group>"; };
		7DFBA2AA28AB4FA300F3CE48 /* 476.-数字的补数.swift */ = {isa = PBXFileReference; lastKnownFileType = sourcecode.swift; path = "476.-数字的补数.swift"; sourceTree = "<group>"; };
		7DFBA2AC28AB4FB900F3CE48 /* 500.-键盘行.swift */ = {isa = PBXFileReference; lastKnownFileType = sourcecode.swift; path = "500.-键盘行.swift"; sourceTree = "<group>"; };
		7DFBA2AE28AB4FD200F3CE48 /* 538.-把二叉搜索树转换为累加树.swift */ = {isa = PBXFileReference; lastKnownFileType = sourcecode.swift; path = "538.-把二叉搜索树转换为累加树.swift"; sourceTree = "<group>"; };
		7DFBA2B028AB4FEA00F3CE48 /* 541.-反转字符串-ii.swift */ = {isa = PBXFileReference; lastKnownFileType = sourcecode.swift; path = "541.-反转字符串-ii.swift"; sourceTree = "<group>"; };
		7DFBA2B228AB500600F3CE48 /* 559.-n-叉树的最大深度.swift */ = {isa = PBXFileReference; lastKnownFileType = sourcecode.swift; path = "559.-n-叉树的最大深度.swift"; sourceTree = "<group>"; };
		7DFBA2B428AB501B00F3CE48 /* 561.-数组拆分.swift */ = {isa = PBXFileReference; lastKnownFileType = sourcecode.swift; path = "561.-数组拆分.swift"; sourceTree = "<group>"; };
		7DFBA2B628AB503100F3CE48 /* 581.-最短无序连续子数组.swift */ = {isa = PBXFileReference; lastKnownFileType = sourcecode.swift; path = "581.-最短无序连续子数组.swift"; sourceTree = "<group>"; };
		7DFBA2B828AB504F00F3CE48 /* 589.-n-叉树的前序遍历.swift */ = {isa = PBXFileReference; lastKnownFileType = sourcecode.swift; path = "589.-n-叉树的前序遍历.swift"; sourceTree = "<group>"; };
		7DFBA2BA28AB506500F3CE48 /* 590.-n-叉树的后序遍历.swift */ = {isa = PBXFileReference; lastKnownFileType = sourcecode.swift; path = "590.-n-叉树的后序遍历.swift"; sourceTree = "<group>"; };
		7DFBA2BC28AB507A00F3CE48 /* 617.-合并二叉树.swift */ = {isa = PBXFileReference; lastKnownFileType = sourcecode.swift; path = "617.-合并二叉树.swift"; sourceTree = "<group>"; };
		7DFBA2BE28AB509100F3CE48 /* 657.-机器人能否返回原点.swift */ = {isa = PBXFileReference; lastKnownFileType = sourcecode.swift; path = "657.-机器人能否返回原点.swift"; sourceTree = "<group>"; };
		7DFBA2C028AB50A900F3CE48 /* 659.-分割数组为连续子序列.swift */ = {isa = PBXFileReference; lastKnownFileType = sourcecode.swift; path = "659.-分割数组为连续子序列.swift"; sourceTree = "<group>"; };
		7DFBA2C228AB50D900F3CE48 /* 693.-交替位二进制数.swift */ = {isa = PBXFileReference; lastKnownFileType = sourcecode.swift; path = "693.-交替位二进制数.swift"; sourceTree = "<group>"; };
		7DFBA2C428AB50F500F3CE48 /* 709.-转换成小写字母.swift */ = {isa = PBXFileReference; lastKnownFileType = sourcecode.swift; path = "709.-转换成小写字母.swift"; sourceTree = "<group>"; };
		7DFBA2C628AB510A00F3CE48 /* 728.-自除数.swift */ = {isa = PBXFileReference; lastKnownFileType = sourcecode.swift; path = "728.-自除数.swift"; sourceTree = "<group>"; };
		7DFBA2C828AB511F00F3CE48 /* 771.-宝石与石头.swift */ = {isa = PBXFileReference; lastKnownFileType = sourcecode.swift; path = "771.-宝石与石头.swift"; sourceTree = "<group>"; };
		7DFBA2CA28AB514800F3CE48 /* 784.-字母大小写全排列.swift */ = {isa = PBXFileReference; lastKnownFileType = sourcecode.swift; path = "784.-字母大小写全排列.swift"; sourceTree = "<group>"; };
		7DFBA2CC28AB516500F3CE48 /* 804.-唯一摩尔斯密码词.swift */ = {isa = PBXFileReference; lastKnownFileType = sourcecode.swift; path = "804.-唯一摩尔斯密码词.swift"; sourceTree = "<group>"; };
		7DFBA2CE28AB517A00F3CE48 /* 806.-写字符串需要的行数.swift */ = {isa = PBXFileReference; lastKnownFileType = sourcecode.swift; path = "806.-写字符串需要的行数.swift"; sourceTree = "<group>"; };
		7DFBA2D028AB518D00F3CE48 /* 811.-子域名访问计数.swift */ = {isa = PBXFileReference; lastKnownFileType = sourcecode.swift; path = "811.-子域名访问计数.swift"; sourceTree = "<group>"; };
		7DFBA2D228AB51A300F3CE48 /* 821.-字符的最短距离.swift */ = {isa = PBXFileReference; lastKnownFileType = sourcecode.swift; path = "821.-字符的最短距离.swift"; sourceTree = "<group>"; };
		7DFBA2D428AB51BF00F3CE48 /* 832.-翻转图像.swift */ = {isa = PBXFileReference; lastKnownFileType = sourcecode.swift; path = "832.-翻转图像.swift"; sourceTree = "<group>"; };
		7DFBA2D628AB51DF00F3CE48 /* 852.-山脉数组的峰顶索引.swift */ = {isa = PBXFileReference; lastKnownFileType = sourcecode.swift; path = "852.-山脉数组的峰顶索引.swift"; sourceTree = "<group>"; };
		7DFBA2D828AB51F500F3CE48 /* 867.-转置矩阵.swift */ = {isa = PBXFileReference; lastKnownFileType = sourcecode.swift; path = "867.-转置矩阵.swift"; sourceTree = "<group>"; };
		7DFBA2DA28AB520C00F3CE48 /* 991.-坏了的计算器.swift */ = {isa = PBXFileReference; lastKnownFileType = sourcecode.swift; path = "991.-坏了的计算器.swift"; sourceTree = "<group>"; };
		7DFBA2DC28AB534A00F3CE48 /* 25.-k-个一组翻转链表.swift */ = {isa = PBXFileReference; lastKnownFileType = sourcecode.swift; path = "25.-k-个一组翻转链表.swift"; sourceTree = "<group>"; };
		7DFBA2DE28AB537400F3CE48 /* 32.-最长有效括号.swift */ = {isa = PBXFileReference; lastKnownFileType = sourcecode.swift; path = "32.-最长有效括号.swift"; sourceTree = "<group>"; };
		7DFBA2E028AB539900F3CE48 /* 57.-插入区间.swift */ = {isa = PBXFileReference; lastKnownFileType = sourcecode.swift; path = "57.-插入区间.swift"; sourceTree = "<group>"; };
		7DFBA2E228AB53B900F3CE48 /* 59.-螺旋矩阵-ii.swift */ = {isa = PBXFileReference; lastKnownFileType = sourcecode.swift; path = "59.-螺旋矩阵-ii.swift"; sourceTree = "<group>"; };
		7DFBA2E428AB53CF00F3CE48 /* 61.-旋转链表.swift */ = {isa = PBXFileReference; lastKnownFileType = sourcecode.swift; path = "61.-旋转链表.swift"; sourceTree = "<group>"; };
		7DFBA2E628AB53EE00F3CE48 /* 78.-子集.swift */ = {isa = PBXFileReference; lastKnownFileType = sourcecode.swift; path = "78.-子集.swift"; sourceTree = "<group>"; };
		7DFBA2E828AB540F00F3CE48 /* 96.-不同的二叉搜索树.swift */ = {isa = PBXFileReference; lastKnownFileType = sourcecode.swift; path = "96.-不同的二叉搜索树.swift"; sourceTree = "<group>"; };
		7DFBA2EA28AB543500F3CE48 /* 127.-单词接龙.swift */ = {isa = PBXFileReference; lastKnownFileType = sourcecode.swift; path = "127.-单词接龙.swift"; sourceTree = "<group>"; };
		7DFBA2EC28AB544C00F3CE48 /* 131.-分割回文串.swift */ = {isa = PBXFileReference; lastKnownFileType = sourcecode.swift; path = "131.-分割回文串.swift"; sourceTree = "<group>"; };
		7DFBA2EE28AB546A00F3CE48 /* 155.-最小栈.swift */ = {isa = PBXFileReference; lastKnownFileType = sourcecode.swift; path = "155.-最小栈.swift"; sourceTree = "<group>"; };
		7DFBA2F028AB54C000F3CE48 /* 289.-生命游戏.swift */ = {isa = PBXFileReference; lastKnownFileType = sourcecode.swift; path = "289.-生命游戏.swift"; sourceTree = "<group>"; };
		7DFBA2F228AB553200F3CE48 /* 876.链表的中间结点.swift */ = {isa = PBXFileReference; lastKnownFileType = sourcecode.swift; path = "876.链表的中间结点.swift"; sourceTree = "<group>"; };
		7DFBA2F428AB631D00F3CE48 /* 144.二叉树的前序遍历.swift */ = {isa = PBXFileReference; lastKnownFileType = sourcecode.swift; path = "144.二叉树的前序遍历.swift"; sourceTree = "<group>"; };
		7DFBA2F628ABDCFC00F3CE48 /* 链表翻转专项.swift */ = {isa = PBXFileReference; lastKnownFileType = sourcecode.swift; path = "链表翻转专项.swift"; sourceTree = "<group>"; };
		7DFBA2FC28AF0F6B00F3CE48 /* StudyLeetcodeProjectTest.xctest */ = {isa = PBXFileReference; explicitFileType = wrapper.cfbundle; includeInIndex = 0; path = StudyLeetcodeProjectTest.xctest; sourceTree = BUILT_PRODUCTS_DIR; };
		7DFBA2FE28AF0F6B00F3CE48 /* StudyLeetcodeProjectTest.swift */ = {isa = PBXFileReference; lastKnownFileType = sourcecode.swift; path = StudyLeetcodeProjectTest.swift; sourceTree = "<group>"; };
		7DFBA30328AF0FE800F3CE48 /* Test3.swift */ = {isa = PBXFileReference; lastKnownFileType = sourcecode.swift; path = Test3.swift; sourceTree = "<group>"; };
/* End PBXFileReference section */

/* Begin PBXFrameworksBuildPhase section */
		7D5DA06C289D14BB00D73F0E /* Frameworks */ = {
			isa = PBXFrameworksBuildPhase;
			buildActionMask = 2147483647;
			files = (
			);
			runOnlyForDeploymentPostprocessing = 0;
		};
		7DFBA2F928AF0F6B00F3CE48 /* Frameworks */ = {
			isa = PBXFrameworksBuildPhase;
			buildActionMask = 2147483647;
			files = (
			);
			runOnlyForDeploymentPostprocessing = 0;
		};
/* End PBXFrameworksBuildPhase section */

/* Begin PBXGroup section */
		7D5DA066289D14BB00D73F0E = {
			isa = PBXGroup;
			children = (
				7D5DA071289D14BB00D73F0E /* StudyLeetcodeProject */,
				7DFBA2FD28AF0F6B00F3CE48 /* StudyLeetcodeProjectTest */,
				7D5DA070289D14BB00D73F0E /* Products */,
			);
			sourceTree = "<group>";
		};
		7D5DA070289D14BB00D73F0E /* Products */ = {
			isa = PBXGroup;
			children = (
				7D5DA06F289D14BB00D73F0E /* StudyLeetcodeProject */,
				7DFBA2FC28AF0F6B00F3CE48 /* StudyLeetcodeProjectTest.xctest */,
			);
			name = Products;
			sourceTree = "<group>";
		};
		7D5DA071289D14BB00D73F0E /* StudyLeetcodeProject */ = {
			isa = PBXGroup;
			children = (
				7D5DA09128A0E5E400D73F0E /* 1.两数之和.swift */,
				7DFBA1EE28AA6CC500F3CE48 /* 2.两数相加.swift */,
				7DFBA1F028AA703E00F3CE48 /* 3.无重复字符的最长子串.swift */,
				7DFBA1F228AA80D300F3CE48 /* 4.寻找两个正序数组的中位数.swift */,
				7D5DA09528A0EBA900D73F0E /* 5.最长回文子串.swift */,
				7DFBA1F428AA82FA00F3CE48 /* 6.z-字形变换.swift */,
				7DFBA1F628AA9F5A00F3CE48 /* 7.整数反转.swift */,
				7DFBA1F828AAA0ED00F3CE48 /* 8.字符串转换整数-atoi.swift */,
				7DFBA1FA28AAA8F300F3CE48 /* 9.回文数.swift */,
				7DFBA1FC28AAA95900F3CE48 /* 10.正则表达式匹配.swift */,
				7DFBA23C28AB494F00F3CE48 /* 11.盛最多水的容器.swift */,
				7DFBA23E28AB497100F3CE48 /* 13.-罗马数字转整数.swift */,
				7DFBA24028AB498F00F3CE48 /* 14.-最长公共前缀.swift */,
				7DFBA1FE28AB394400F3CE48 /* 15.三数之和.swift */,
				7DFBA24228AB49BC00F3CE48 /* 17.-电话号码的字母组合.swift */,
				7D5DA081289D376300D73F0E /* 19.删除链表的倒数第-n-个结点.swift */,
				7DFBA20028AB450F00F3CE48 /* 20.-有效的括号.swift */,
				7D5DA079289D14D800D73F0E /* 21.合并两个有序链表.swift */,
				7DFBA24428AB49E500F3CE48 /* 22.-括号生成.swift */,
				7D5DA07B289D153800D73F0E /* 23.合并k个升序链表.swift */,
				7DFBA2DC28AB534A00F3CE48 /* 25.-k-个一组翻转链表.swift */,
				7D5DA08728A0A49600D73F0E /* 26.删除有序数组中的重复项.swift */,
				7D5DA08B28A0A90100D73F0E /* 27.移除元素.swift */,
				7DFBA24628AB4A1A00F3CE48 /* 28.-实现-str-str.swift */,
				7DFBA2DE28AB537400F3CE48 /* 32.-最长有效括号.swift */,
				7DFBA24828AB4A3D00F3CE48 /* 35.-搜索插入位置.swift */,
				7DFBA24A28AB4A8D00F3CE48 /* 38.-外观数列.swift */,
				7DFBA20228AB452C00F3CE48 /* 39.-组合总和.swift */,
				7DFBA24C28AB4AA500F3CE48 /* 46.-全排列.swift */,
				7DFBA24E28AB4ABF00F3CE48 /* 48.旋转图像.swift */,
				7D7E5DC128AF99510077876A /* 54.螺旋矩阵.swift */,
				7DFBA25028AB4ADF00F3CE48 /* 49.-字母异位词分组.swift */,
				7DFBA20428AB454C00F3CE48 /* 53.-最大子数组和.swift */,
				7DFBA20628AB456700F3CE48 /* 56.-合并区间.swift */,
				7DFBA2E028AB539900F3CE48 /* 57.-插入区间.swift */,
				7DFBA25228AB4AFE00F3CE48 /* 58.-最后一个单词的长度.swift */,
				7DFBA2E228AB53B900F3CE48 /* 59.-螺旋矩阵-ii.swift */,
				7DFBA2E428AB53CF00F3CE48 /* 61.-旋转链表.swift */,
				7DFBA25428AB4B1800F3CE48 /* 64.-最小路径和.swift */,
				7DFBA25628AB4B2F00F3CE48 /* 66.加一.swift */,
				7DFBA25828AB4B4700F3CE48 /* 67.-二进制求和.swift */,
				7DFBA25A28AB4B6600F3CE48 /* 69.-x-的平方根.swift */,
				7D5DE67F28AA295D00D73F0E /* 70.爬楼梯.swift */,
				7DFBA2E628AB53EE00F3CE48 /* 78.-子集.swift */,
				7D5DA08928A0A72200D73F0E /* 83.删除排序链表中的重复元素.swift */,
				7D5DA07D289D15D900D73F0E /* 86.分隔链表.swift */,
				7DFBA25C28AB4B8500F3CE48 /* 88.-合并两个有序数组.swift */,
				7DFBA20828AB458F00F3CE48 /* 89.-格雷编码.swift */,
				7D5DE67B28A9F81200D73F0E /* 91.解码方法.swift */,
				7DFBA20A28AB45B100F3CE48 /* 92.反转链表-ii.swift */,
				7D7E5DB228AE55AA0077876A /* 93.复原-ip-地址.swift */,
				7DFBA25E28AB4BAC00F3CE48 /* 94.-二叉树的中序遍历.swift */,
				7DFBA2E828AB540F00F3CE48 /* 96.-不同的二叉搜索树.swift */,
				7DFBA26028AB4BC100F3CE48 /* 100.-相同的树.swift */,
				7DFBA26228AB4BD700F3CE48 /* 101.-对称二叉树.swift */,
				7DFBA20C28AB45DB00F3CE48 /* 102.-二叉树的层序遍历.swift */,
				7D85C0C128A23FC30039F38D /* 104.二叉树的最大深度.swift */,
				7DFBA26428AB4BFC00F3CE48 /* 105.-从前序与中序遍历序列构造二叉树.swift */,
				7DFBA26628AB4C1C00F3CE48 /* 107.-二叉树的层序遍历-ii.swift */,
				7DFBA26828AB4C3500F3CE48 /* 108.-将有序数组转换为二叉搜索树.swift */,
				7D5DE67928A9F1BE00D73F0E /* 112.路径总和.swift */,
				7DFBA20E28AB460000F3CE48 /* 114.-二叉树展开为链表.swift */,
				7D5DE68128AA309400D73F0E /* 115.不同的子序列.swift */,
				7DFBA21028AB462600F3CE48 /* 116.-填充每个节点的下一个右侧节点指针.swift */,
				7DFBA26A28AB4C5000F3CE48 /* 118.杨辉三角.swift */,
				7DFBA26C28AB4C6C00F3CE48 /* 121.-买卖股票的最佳时机.swift */,
				7DFBA21228AB464F00F3CE48 /* 122.-买卖股票的最佳时机-ii.swift */,
				7DFBA26E28AB4C8B00F3CE48 /* 125.-验证回文串.swift */,
				7DFBA2EA28AB543500F3CE48 /* 127.-单词接龙.swift */,
				7DFBA2EC28AB544C00F3CE48 /* 131.-分割回文串.swift */,
				7DFBA27028AB4CA500F3CE48 /* 136.-只出现一次的数字.swift */,
				7D5DA07F289D162800D73F0E /* 141.环形链表.swift */,
				7D5DA083289D402500D73F0E /* 142.环形链表-ii.swift */,
				7DFBA2F428AB631D00F3CE48 /* 144.二叉树的前序遍历.swift */,
				7DFBA21428AB466A00F3CE48 /* 146.-lru-缓存.swift */,
				7DFBA27228AB4CC300F3CE48 /* 148.-排序链表.swift */,
				7DFBA21628AB468300F3CE48 /* 151.-颠倒字符串中的单词.swift */,
				7DFBA2EE28AB546A00F3CE48 /* 155.-最小栈.swift */,
				7D5DA085289D449B00D73F0E /* 160.相交链表.swift */,
				7D5DA08F28A0E4A600D73F0E /* 167.两数之和-ii-输入有序数组.swift */,
				7DFBA27428AB4CE900F3CE48 /* 169.-多数元素.swift */,
				7DFBA27628AB4D0A00F3CE48 /* 171.-excel-表列序号.swift */,
				7DFBA27828AB4D2000F3CE48 /* 172.-阶乘后的零.swift */,
				7DFBA21828AB46E300F3CE48 /* 189.-轮转数组.swift */,
				7DFBA27A28AB4D3900F3CE48 /* 190.-颠倒二进制位.swift */,
				7DFBA27C28AB4D4E00F3CE48 /* 191.-位-1-的个数.swift */,
				7DFBA27E28AB4D6200F3CE48 /* 198.-打家劫舍.swift */,
				7DFBA21A28AB470000F3CE48 /* 200.-岛屿数量.swift */,
				7DFBA28028AB4D8500F3CE48 /* 202.-快乐数.swift */,
				7DFBA28228AB4D9900F3CE48 /* 204.-计数质数.swift */,
				7DFBA28428AB4DB000F3CE48 /* 206.反转链表.swift */,
				7DFBA21C28AB471C00F3CE48 /* 207.-课程表.swift */,
				7DFBA21E28AB474C00F3CE48 /* 208.-实现-trie-前缀树.swift */,
				7DFBA22028AB477100F3CE48 /* 215.-数组中的第k个最大元素.swift */,
				7DFBA28628AB4DD500F3CE48 /* 217.-存在重复元素.swift */,
				7D5DE67D28AA243400D73F0E /* 221.最大正方形.swift */,
				7DFBA28828AB4DEA00F3CE48 /* 226.-翻转二叉树.swift */,
				7DFBA22228AB479500F3CE48 /* 230.-二叉搜索树中第k小的元素.swift */,
				7DFBA22428AB47CF00F3CE48 /* 231.-2-的幂.swift */,
				7DFBA28A28AB4E0500F3CE48 /* 234.回文链表.swift */,
				7DFBA22628AB47F100F3CE48 /* 235.-二叉搜索树的最近公共祖先.swift */,
				7DFBA22828AB480B00F3CE48 /* 236.-二叉树的最近公共祖先.swift */,
				7DFBA28C28AB4E1A00F3CE48 /* 237.-删除链表中的节点.swift */,
				7DFBA28E28AB4E2E00F3CE48 /* 238.-除自身以外数组的乘积.swift */,
				7DFBA29028AB4E4700F3CE48 /* 242.-有效的字母异位词.swift */,
				7DFBA29228AB4E5D00F3CE48 /* 258.-各位相加.swift */,
				7DFBA29428AB4E7300F3CE48 /* 268.-丢失的数字.swift */,
				7D5DA08D28A0AA9500D73F0E /* 283.移动零.swift */,
				7DFBA22A28AB482700F3CE48 /* 287.-寻找重复数.swift */,
				7DFBA2F028AB54C000F3CE48 /* 289.-生命游戏.swift */,
				7DFBA29628AB4E8C00F3CE48 /* 292.-nim-游戏.swift */,
				7D5DE67728A9E54A00D73F0E /* 322.零钱兑换.swift */,
				7DFBA29828AB4EAC00F3CE48 /* 326.-3-的幂.swift */,
				7DFBA29A28AB4EC500F3CE48 /* 338.-比特位计数.swift */,
				7D5DA09328A0E90F00D73F0E /* 344.反转字符串.swift */,
				7D7E5DBF28AF8A710077876A /* 1094.拼车.swift */,
				7DFBA29C28AB4EE700F3CE48 /* 350.-两个数组的交集-ii.swift */,
				7DFBA22C28AB484900F3CE48 /* 371.-两整数之和.swift */,
				7DFBA29E28AB4EFE00F3CE48 /* 387.-字符串中的第一个唯一字符.swift */,
				7DFBA2A028AB4F1400F3CE48 /* 401.-二进制手表.swift */,
				7DFBA2A228AB4F3400F3CE48 /* 412.-fizz-buzz.swift */,
				7DFBA22E28AB485E00F3CE48 /* 415.-字符串相加.swift */,
				7DFBA2A428AB4F4E00F3CE48 /* 437.-路径总和-iii.swift */,
				7DFBA2A628AB4F7400F3CE48 /* 448.-找到所有数组中消失的数字.swift */,
				7DFBA2A828AB4F8C00F3CE48 /* 461.-汉明距离.swift */,
				7DFBA2AA28AB4FA300F3CE48 /* 476.-数字的补数.swift */,
				7DFBA2AC28AB4FB900F3CE48 /* 500.-键盘行.swift */,
				7D85C0C528A25BD40039F38D /* 509.斐波那契数.swift */,
				7DFBA23028AB48A700F3CE48 /* 518.-零钱兑换-ii.swift */,
				7DFBA2AE28AB4FD200F3CE48 /* 538.-把二叉搜索树转换为累加树.swift */,
				7DFBA2B028AB4FEA00F3CE48 /* 541.-反转字符串-ii.swift */,
				7D7E5DBD28AF85E20077876A /* 1109.航班预订统计.swift */,
				7D85C0C328A254BD0039F38D /* 543.二叉树的直径.swift */,
				7DFBA23228AB48BD00F3CE48 /* 557.-反转字符串中的单词-iii.swift */,
				7DFBA2B228AB500600F3CE48 /* 559.-n-叉树的最大深度.swift */,
				7DFBA2B428AB501B00F3CE48 /* 561.-数组拆分.swift */,
				7DFBA2B628AB503100F3CE48 /* 581.-最短无序连续子数组.swift */,
				7DFBA2B828AB504F00F3CE48 /* 589.-n-叉树的前序遍历.swift */,
				7DFBA2BA28AB506500F3CE48 /* 590.-n-叉树的后序遍历.swift */,
				7DFBA2BC28AB507A00F3CE48 /* 617.-合并二叉树.swift */,
				7DFBA23428AB48D200F3CE48 /* 654.-最大二叉树.swift */,
				7DFBA2BE28AB509100F3CE48 /* 657.-机器人能否返回原点.swift */,
				7DFBA2C028AB50A900F3CE48 /* 659.-分割数组为连续子序列.swift */,
				7DFBA2C228AB50D900F3CE48 /* 693.-交替位二进制数.swift */,
				7DFBA2C428AB50F500F3CE48 /* 709.-转换成小写字母.swift */,
				7DFBA2C628AB510A00F3CE48 /* 728.-自除数.swift */,
				7DFBA2C828AB511F00F3CE48 /* 771.-宝石与石头.swift */,
				7DFBA2CA28AB514800F3CE48 /* 784.-字母大小写全排列.swift */,
				7DFBA23628AB48E800F3CE48 /* 785.-判断二分图.swift */,
				7DFBA2CC28AB516500F3CE48 /* 804.-唯一摩尔斯密码词.swift */,
				7DFBA2CE28AB517A00F3CE48 /* 806.-写字符串需要的行数.swift */,
				7DFBA2D028AB518D00F3CE48 /* 811.-子域名访问计数.swift */,
				7DFBA2D228AB51A300F3CE48 /* 821.-字符的最短距离.swift */,
				7DFBA2D428AB51BF00F3CE48 /* 832.-翻转图像.swift */,
				7DFBA2D628AB51DF00F3CE48 /* 852.-山脉数组的峰顶索引.swift */,
				7DFBA2D828AB51F500F3CE48 /* 867.-转置矩阵.swift */,
				7DFBA2F228AB553200F3CE48 /* 876.链表的中间结点.swift */,
				7DFBA2DA28AB520C00F3CE48 /* 991.-坏了的计算器.swift */,
				7DFBA23828AB490D00F3CE48 /* 1143.-最长公共子序列.swift */,
				7DFBA23A28AB492400F3CE48 /* 1288.-删除被覆盖区间.swift */,
				7D85C0BE28A23EBF0039F38D /* 基本数据结构 */,
				7D85C0B528A1F1EF0039F38D /* 基本算法 */,
				7D5DA072289D14BB00D73F0E /* main.swift */,
				7D7E5DB428AE6A530077876A /* 328.奇偶链表.swift */,
			);
			path = StudyLeetcodeProject;
			sourceTree = "<group>";
		};
		7D85C0B528A1F1EF0039F38D /* 基本算法 */ = {
			isa = PBXGroup;
			children = (
				7D85C0B628A1F2140039F38D /* 1.排序算法.swift */,
				7D85C0B828A1F2320039F38D /* 2.查找算法.swift */,
				7D85C0BA28A1F2470039F38D /* 3.二叉树的遍历算法.swift */,
			);
			path = "基本算法";
			sourceTree = "<group>";
		};
		7D85C0BE28A23EBF0039F38D /* 基本数据结构 */ = {
			isa = PBXGroup;
			children = (
				7D85C0BC28A23DCC0039F38D /* ListNode.swift */,
				7D85C0BF28A23F680039F38D /* TreeNode.swift */,
				7DFBA2F628ABDCFC00F3CE48 /* 链表翻转专项.swift */,
				7D7E5DBB28AF82990077876A /* 差分工具.swift */,
			);
			path = "基本数据结构";
			sourceTree = "<group>";
		};
		7DFBA2FD28AF0F6B00F3CE48 /* StudyLeetcodeProjectTest */ = {
			isa = PBXGroup;
			children = (
				7DFBA2FE28AF0F6B00F3CE48 /* StudyLeetcodeProjectTest.swift */,
				7DFBA30328AF0FE800F3CE48 /* Test3.swift */,
				7D7E5DB628AF324C0077876A /* Test25.swift */,
			);
			path = StudyLeetcodeProjectTest;
			sourceTree = "<group>";
		};
/* End PBXGroup section */

/* Begin PBXNativeTarget section */
		7D5DA06E289D14BB00D73F0E /* StudyLeetcodeProject */ = {
			isa = PBXNativeTarget;
			buildConfigurationList = 7D5DA076289D14BB00D73F0E /* Build configuration list for PBXNativeTarget "StudyLeetcodeProject" */;
			buildPhases = (
				7D5DA06B289D14BB00D73F0E /* Sources */,
				7D5DA06C289D14BB00D73F0E /* Frameworks */,
				7D5DA06D289D14BB00D73F0E /* CopyFiles */,
			);
			buildRules = (
			);
			dependencies = (
			);
			name = StudyLeetcodeProject;
			productName = StudyLeetcodeProject;
			productReference = 7D5DA06F289D14BB00D73F0E /* StudyLeetcodeProject */;
			productType = "com.apple.product-type.tool";
		};
		7DFBA2FB28AF0F6B00F3CE48 /* StudyLeetcodeProjectTest */ = {
			isa = PBXNativeTarget;
			buildConfigurationList = 7DFBA30028AF0F6B00F3CE48 /* Build configuration list for PBXNativeTarget "StudyLeetcodeProjectTest" */;
			buildPhases = (
				7DFBA2F828AF0F6B00F3CE48 /* Sources */,
				7DFBA2F928AF0F6B00F3CE48 /* Frameworks */,
				7DFBA2FA28AF0F6B00F3CE48 /* Resources */,
			);
			buildRules = (
			);
			dependencies = (
			);
			name = StudyLeetcodeProjectTest;
			productName = StudyLeetcodeProjectTest;
			productReference = 7DFBA2FC28AF0F6B00F3CE48 /* StudyLeetcodeProjectTest.xctest */;
			productType = "com.apple.product-type.bundle.unit-test";
		};
/* End PBXNativeTarget section */

/* Begin PBXProject section */
		7D5DA067289D14BB00D73F0E /* Project object */ = {
			isa = PBXProject;
			attributes = {
				BuildIndependentTargetsInParallel = 1;
				LastSwiftUpdateCheck = 1340;
				LastUpgradeCheck = 1320;
				TargetAttributes = {
					7D5DA06E289D14BB00D73F0E = {
						CreatedOnToolsVersion = 13.2.1;
					};
					7DFBA2FB28AF0F6B00F3CE48 = {
						CreatedOnToolsVersion = 13.4.1;
					};
				};
			};
			buildConfigurationList = 7D5DA06A289D14BB00D73F0E /* Build configuration list for PBXProject "StudyLeetcodeProject" */;
			compatibilityVersion = "Xcode 13.0";
			developmentRegion = en;
			hasScannedForEncodings = 0;
			knownRegions = (
				en,
				Base,
			);
			mainGroup = 7D5DA066289D14BB00D73F0E;
			productRefGroup = 7D5DA070289D14BB00D73F0E /* Products */;
			projectDirPath = "";
			projectRoot = "";
			targets = (
				7D5DA06E289D14BB00D73F0E /* StudyLeetcodeProject */,
				7DFBA2FB28AF0F6B00F3CE48 /* StudyLeetcodeProjectTest */,
			);
		};
/* End PBXProject section */

/* Begin PBXResourcesBuildPhase section */
		7DFBA2FA28AF0F6B00F3CE48 /* Resources */ = {
			isa = PBXResourcesBuildPhase;
			buildActionMask = 2147483647;
			files = (
			);
			runOnlyForDeploymentPostprocessing = 0;
		};
/* End PBXResourcesBuildPhase section */

/* Begin PBXSourcesBuildPhase section */
		7D5DA06B289D14BB00D73F0E /* Sources */ = {
			isa = PBXSourcesBuildPhase;
			buildActionMask = 2147483647;
			files = (
				7D85C0C228A23FC30039F38D /* 104.二叉树的最大深度.swift in Sources */,
				7DFBA23D28AB494F00F3CE48 /* 11.盛最多水的容器.swift in Sources */,
				7DFBA2AB28AB4FA300F3CE48 /* 476.-数字的补数.swift in Sources */,
				7DFBA21B28AB470000F3CE48 /* 200.-岛屿数量.swift in Sources */,
				7DFBA28128AB4D8500F3CE48 /* 202.-快乐数.swift in Sources */,
				7DFBA1FF28AB394400F3CE48 /* 15.三数之和.swift in Sources */,
				7DFBA1F528AA82FA00F3CE48 /* 6.z-字形变换.swift in Sources */,
				7DFBA25728AB4B2F00F3CE48 /* 66.加一.swift in Sources */,
				7D5DA086289D449B00D73F0E /* 160.相交链表.swift in Sources */,
				7D7E5DB328AE55AA0077876A /* 93.复原-ip-地址.swift in Sources */,
				7D5DA07C289D153800D73F0E /* 23.合并k个升序链表.swift in Sources */,
				7DFBA2D928AB51F500F3CE48 /* 867.-转置矩阵.swift in Sources */,
				7DFBA28928AB4DEA00F3CE48 /* 226.-翻转二叉树.swift in Sources */,
				7DFBA29528AB4E7300F3CE48 /* 268.-丢失的数字.swift in Sources */,
				7D5DA09628A0EBA900D73F0E /* 5.最长回文子串.swift in Sources */,
				7DFBA24D28AB4AA500F3CE48 /* 46.-全排列.swift in Sources */,
				7DFBA2C128AB50A900F3CE48 /* 659.-分割数组为连续子序列.swift in Sources */,
				7DFBA27328AB4CC300F3CE48 /* 148.-排序链表.swift in Sources */,
				7D5DA084289D402500D73F0E /* 142.环形链表-ii.swift in Sources */,
				7D5DA09228A0E5E400D73F0E /* 1.两数之和.swift in Sources */,
				7DFBA2DD28AB534A00F3CE48 /* 25.-k-个一组翻转链表.swift in Sources */,
				7DFBA2E928AB540F00F3CE48 /* 96.-不同的二叉搜索树.swift in Sources */,
				7DFBA20328AB452C00F3CE48 /* 39.-组合总和.swift in Sources */,
				7DFBA21928AB46E300F3CE48 /* 189.-轮转数组.swift in Sources */,
				7D5DA073289D14BB00D73F0E /* main.swift in Sources */,
				7DFBA22128AB477100F3CE48 /* 215.-数组中的第k个最大元素.swift in Sources */,
				7DFBA2D328AB51A300F3CE48 /* 821.-字符的最短距离.swift in Sources */,
				7DFBA25D28AB4B8500F3CE48 /* 88.-合并两个有序数组.swift in Sources */,
				7DFBA27928AB4D2000F3CE48 /* 172.-阶乘后的零.swift in Sources */,
				7D85C0B728A1F2140039F38D /* 1.排序算法.swift in Sources */,
				7DFBA2A528AB4F4E00F3CE48 /* 437.-路径总和-iii.swift in Sources */,
				7DFBA29128AB4E4700F3CE48 /* 242.-有效的字母异位词.swift in Sources */,
				7DFBA24328AB49BC00F3CE48 /* 17.-电话号码的字母组合.swift in Sources */,
				7DFBA2B528AB501B00F3CE48 /* 561.-数组拆分.swift in Sources */,
				7DFBA2E528AB53CF00F3CE48 /* 61.-旋转链表.swift in Sources */,
				7DFBA2A728AB4F7400F3CE48 /* 448.-找到所有数组中消失的数字.swift in Sources */,
				7DFBA2CB28AB514800F3CE48 /* 784.-字母大小写全排列.swift in Sources */,
				7DFBA28728AB4DD500F3CE48 /* 217.-存在重复元素.swift in Sources */,
				7DFBA20928AB458F00F3CE48 /* 89.-格雷编码.swift in Sources */,
				7D85C0BD28A23DCC0039F38D /* ListNode.swift in Sources */,
				7DFBA22928AB480B00F3CE48 /* 236.-二叉树的最近公共祖先.swift in Sources */,
				7DFBA2D528AB51BF00F3CE48 /* 832.-翻转图像.swift in Sources */,
				7DFBA22528AB47CF00F3CE48 /* 231.-2-的幂.swift in Sources */,
				7DFBA1EF28AA6CC500F3CE48 /* 2.两数相加.swift in Sources */,
				7DFBA2DB28AB520C00F3CE48 /* 991.-坏了的计算器.swift in Sources */,
				7DFBA25328AB4AFE00F3CE48 /* 58.-最后一个单词的长度.swift in Sources */,
				7DFBA24F28AB4ABF00F3CE48 /* 48.旋转图像.swift in Sources */,
				7DFBA1F128AA703E00F3CE48 /* 3.无重复字符的最长子串.swift in Sources */,
				7DFBA29928AB4EAC00F3CE48 /* 326.-3-的幂.swift in Sources */,
				7D7E5DB528AE6A530077876A /* 328.奇偶链表.swift in Sources */,
				7D5DA07E289D15D900D73F0E /* 86.分隔链表.swift in Sources */,
				7DFBA20728AB456700F3CE48 /* 56.-合并区间.swift in Sources */,
				7DFBA27728AB4D0A00F3CE48 /* 171.-excel-表列序号.swift in Sources */,
				7DFBA27528AB4CE900F3CE48 /* 169.-多数元素.swift in Sources */,
				7D85C0B928A1F2320039F38D /* 2.查找算法.swift in Sources */,
				7DFBA21D28AB471C00F3CE48 /* 207.-课程表.swift in Sources */,
				7DFBA29B28AB4EC500F3CE48 /* 338.-比特位计数.swift in Sources */,
				7DFBA28F28AB4E2E00F3CE48 /* 238.-除自身以外数组的乘积.swift in Sources */,
				7DFBA23928AB490D00F3CE48 /* 1143.-最长公共子序列.swift in Sources */,
				7D5DE68028AA295D00D73F0E /* 70.爬楼梯.swift in Sources */,
				7DFBA28528AB4DB000F3CE48 /* 206.反转链表.swift in Sources */,
				7D5DA09028A0E4A600D73F0E /* 167.两数之和-ii-输入有序数组.swift in Sources */,
				7DFBA2C528AB50F500F3CE48 /* 709.-转换成小写字母.swift in Sources */,
				7DFBA26328AB4BD700F3CE48 /* 101.-对称二叉树.swift in Sources */,
				7DFBA2B928AB504F00F3CE48 /* 589.-n-叉树的前序遍历.swift in Sources */,
				7DFBA27128AB4CA500F3CE48 /* 136.-只出现一次的数字.swift in Sources */,
				7DFBA23528AB48D200F3CE48 /* 654.-最大二叉树.swift in Sources */,
				7DFBA24928AB4A3D00F3CE48 /* 35.-搜索插入位置.swift in Sources */,
				7DFBA2A128AB4F1400F3CE48 /* 401.-二进制手表.swift in Sources */,
				7DFBA26928AB4C3500F3CE48 /* 108.-将有序数组转换为二叉搜索树.swift in Sources */,
				7DFBA22D28AB484900F3CE48 /* 371.-两整数之和.swift in Sources */,
				7DFBA2CF28AB517A00F3CE48 /* 806.-写字符串需要的行数.swift in Sources */,
				7DFBA28B28AB4E0500F3CE48 /* 234.回文链表.swift in Sources */,
				7DFBA26F28AB4C8B00F3CE48 /* 125.-验证回文串.swift in Sources */,
				7DFBA25B28AB4B6600F3CE48 /* 69.-x-的平方根.swift in Sources */,
				7DFBA2A928AB4F8C00F3CE48 /* 461.-汉明距离.swift in Sources */,
				7D5DE67C28A9F81200D73F0E /* 91.解码方法.swift in Sources */,
				7DFBA2F128AB54C000F3CE48 /* 289.-生命游戏.swift in Sources */,
				7DFBA21F28AB474C00F3CE48 /* 208.-实现-trie-前缀树.swift in Sources */,
				7DFBA2CD28AB516500F3CE48 /* 804.-唯一摩尔斯密码词.swift in Sources */,
				7D85C0C628A25BD40039F38D /* 509.斐波那契数.swift in Sources */,
				7DFBA21728AB468300F3CE48 /* 151.-颠倒字符串中的单词.swift in Sources */,
				7D5DA080289D162800D73F0E /* 141.环形链表.swift in Sources */,
				7DFBA2A328AB4F3400F3CE48 /* 412.-fizz-buzz.swift in Sources */,
				7DFBA22B28AB482700F3CE48 /* 287.-寻找重复数.swift in Sources */,
				7DFBA21528AB466A00F3CE48 /* 146.-lru-缓存.swift in Sources */,
				7D5DA08828A0A49600D73F0E /* 26.删除有序数组中的重复项.swift in Sources */,
				7DFBA26528AB4BFC00F3CE48 /* 105.-从前序与中序遍历序列构造二叉树.swift in Sources */,
				7DFBA2BF28AB509100F3CE48 /* 657.-机器人能否返回原点.swift in Sources */,
				7D7E5DBE28AF85E20077876A /* 1109.航班预订统计.swift in Sources */,
				7D7E5DC228AF99510077876A /* 54.螺旋矩阵.swift in Sources */,
				7DFBA2F728ABDCFC00F3CE48 /* 链表翻转专项.swift in Sources */,
				7DFBA25528AB4B1800F3CE48 /* 64.-最小路径和.swift in Sources */,
				7D5DA082289D376300D73F0E /* 19.删除链表的倒数第-n-个结点.swift in Sources */,
				7DFBA26728AB4C1C00F3CE48 /* 107.-二叉树的层序遍历-ii.swift in Sources */,
				7DFBA2C328AB50D900F3CE48 /* 693.-交替位二进制数.swift in Sources */,
				7DFBA2BD28AB507A00F3CE48 /* 617.-合并二叉树.swift in Sources */,
				7DFBA2B728AB503100F3CE48 /* 581.-最短无序连续子数组.swift in Sources */,
				7DFBA2B128AB4FEA00F3CE48 /* 541.-反转字符串-ii.swift in Sources */,
				7DFBA26D28AB4C6C00F3CE48 /* 121.-买卖股票的最佳时机.swift in Sources */,
				7D85C0C028A23F680039F38D /* TreeNode.swift in Sources */,
				7DFBA2B328AB500600F3CE48 /* 559.-n-叉树的最大深度.swift in Sources */,
				7DFBA28D28AB4E1A00F3CE48 /* 237.-删除链表中的节点.swift in Sources */,
				7DFBA22F28AB485E00F3CE48 /* 415.-字符串相加.swift in Sources */,
				7DFBA2F528AB631D00F3CE48 /* 144.二叉树的前序遍历.swift in Sources */,
				7DFBA21128AB462600F3CE48 /* 116.-填充每个节点的下一个右侧节点指针.swift in Sources */,
				7DFBA29328AB4E5D00F3CE48 /* 258.-各位相加.swift in Sources */,
				7DFBA25928AB4B4700F3CE48 /* 67.-二进制求和.swift in Sources */,
				7DFBA25128AB4ADF00F3CE48 /* 49.-字母异位词分组.swift in Sources */,
				7DFBA2BB28AB506500F3CE48 /* 590.-n-叉树的后序遍历.swift in Sources */,
				7D5DE67A28A9F1BE00D73F0E /* 112.路径总和.swift in Sources */,
				7DFBA27F28AB4D6200F3CE48 /* 198.-打家劫舍.swift in Sources */,
				7DFBA24728AB4A1A00F3CE48 /* 28.-实现-str-str.swift in Sources */,
				7D5DA07A289D14D800D73F0E /* 21.合并两个有序链表.swift in Sources */,
				7DFBA24128AB498F00F3CE48 /* 14.-最长公共前缀.swift in Sources */,
				7DFBA2E328AB53B900F3CE48 /* 59.-螺旋矩阵-ii.swift in Sources */,
				7DFBA1F728AA9F5A00F3CE48 /* 7.整数反转.swift in Sources */,
				7DFBA23F28AB497100F3CE48 /* 13.-罗马数字转整数.swift in Sources */,
				7DFBA2AD28AB4FB900F3CE48 /* 500.-键盘行.swift in Sources */,
				7DFBA28328AB4D9900F3CE48 /* 204.-计数质数.swift in Sources */,
				7DFBA1F328AA80D300F3CE48 /* 4.寻找两个正序数组的中位数.swift in Sources */,
				7DFBA2ED28AB544C00F3CE48 /* 131.-分割回文串.swift in Sources */,
				7DFBA27B28AB4D3900F3CE48 /* 190.-颠倒二进制位.swift in Sources */,
				7DFBA24B28AB4A8D00F3CE48 /* 38.-外观数列.swift in Sources */,
				7DFBA2D128AB518D00F3CE48 /* 811.-子域名访问计数.swift in Sources */,
				7D5DA08C28A0A90100D73F0E /* 27.移除元素.swift in Sources */,
				7DFBA29F28AB4EFE00F3CE48 /* 387.-字符串中的第一个唯一字符.swift in Sources */,
				7D7E5DC028AF8A710077876A /* 1094.拼车.swift in Sources */,
				7DFBA20528AB454C00F3CE48 /* 53.-最大子数组和.swift in Sources */,
				7DFBA23328AB48BD00F3CE48 /* 557.-反转字符串中的单词-iii.swift in Sources */,
				7DFBA20B28AB45B100F3CE48 /* 92.反转链表-ii.swift in Sources */,
				7DFBA2DF28AB537400F3CE48 /* 32.-最长有效括号.swift in Sources */,
				7D85C0BB28A1F2470039F38D /* 3.二叉树的遍历算法.swift in Sources */,
				7DFBA2D728AB51DF00F3CE48 /* 852.-山脉数组的峰顶索引.swift in Sources */,
				7DFBA26B28AB4C5000F3CE48 /* 118.杨辉三角.swift in Sources */,
				7D5DA09428A0E90F00D73F0E /* 344.反转字符串.swift in Sources */,
				7DFBA25F28AB4BAC00F3CE48 /* 94.-二叉树的中序遍历.swift in Sources */,
				7DFBA29728AB4E8C00F3CE48 /* 292.-nim-游戏.swift in Sources */,
				7D7E5DBC28AF82990077876A /* 差分工具.swift in Sources */,
				7DFBA29D28AB4EE700F3CE48 /* 350.-两个数组的交集-ii.swift in Sources */,
				7D5DE67828A9E54A00D73F0E /* 322.零钱兑换.swift in Sources */,
				7DFBA20128AB450F00F3CE48 /* 20.-有效的括号.swift in Sources */,
				7D5DA08E28A0AA9500D73F0E /* 283.移动零.swift in Sources */,
				7DFBA26128AB4BC100F3CE48 /* 100.-相同的树.swift in Sources */,
				7D5DE68228AA309400D73F0E /* 115.不同的子序列.swift in Sources */,
				7DFBA2EF28AB546A00F3CE48 /* 155.-最小栈.swift in Sources */,
				7DFBA1FB28AAA8F300F3CE48 /* 9.回文数.swift in Sources */,
				7DFBA1FD28AAA95900F3CE48 /* 10.正则表达式匹配.swift in Sources */,
				7DFBA20F28AB460000F3CE48 /* 114.-二叉树展开为链表.swift in Sources */,
				7DFBA1F928AAA0ED00F3CE48 /* 8.字符串转换整数-atoi.swift in Sources */,
				7DFBA21328AB464F00F3CE48 /* 122.-买卖股票的最佳时机-ii.swift in Sources */,
				7DFBA2C928AB511F00F3CE48 /* 771.-宝石与石头.swift in Sources */,
				7DFBA27D28AB4D4E00F3CE48 /* 191.-位-1-的个数.swift in Sources */,
				7D85C0C428A254BD0039F38D /* 543.二叉树的直径.swift in Sources */,
				7DFBA2EB28AB543500F3CE48 /* 127.-单词接龙.swift in Sources */,
				7DFBA2AF28AB4FD200F3CE48 /* 538.-把二叉搜索树转换为累加树.swift in Sources */,
				7D5DE67E28AA243400D73F0E /* 221.最大正方形.swift in Sources */,
				7DFBA22728AB47F100F3CE48 /* 235.-二叉搜索树的最近公共祖先.swift in Sources */,
				7DFBA2E728AB53EE00F3CE48 /* 78.-子集.swift in Sources */,
				7DFBA2C728AB510A00F3CE48 /* 728.-自除数.swift in Sources */,
				7DFBA2F328AB553200F3CE48 /* 876.链表的中间结点.swift in Sources */,
				7DFBA23728AB48E800F3CE48 /* 785.-判断二分图.swift in Sources */,
				7DFBA23B28AB492400F3CE48 /* 1288.-删除被覆盖区间.swift in Sources */,
				7DFBA22328AB479500F3CE48 /* 230.-二叉搜索树中第k小的元素.swift in Sources */,
				7DFBA24528AB49E500F3CE48 /* 22.-括号生成.swift in Sources */,
				7DFBA20D28AB45DB00F3CE48 /* 102.-二叉树的层序遍历.swift in Sources */,
				7DFBA2E128AB539900F3CE48 /* 57.-插入区间.swift in Sources */,
				7D5DA08A28A0A72200D73F0E /* 83.删除排序链表中的重复元素.swift in Sources */,
				7DFBA23128AB48A700F3CE48 /* 518.-零钱兑换-ii.swift in Sources */,
			);
			runOnlyForDeploymentPostprocessing = 0;
		};
		7DFBA2F828AF0F6B00F3CE48 /* Sources */ = {
			isa = PBXSourcesBuildPhase;
			buildActionMask = 2147483647;
			files = (
				7D7E5DBA28AF37CE0077876A /* TreeNode.swift in Sources */,
				7DFBA2FF28AF0F6B00F3CE48 /* StudyLeetcodeProjectTest.swift in Sources */,
				7DFBA30428AF0FE800F3CE48 /* Test3.swift in Sources */,
				7D7E5DB728AF324C0077876A /* Test25.swift in Sources */,
				7DFBA30528AF107900F3CE48 /* 3.无重复字符的最长子串.swift in Sources */,
				7D7E5DB828AF328C0077876A /* 25.-k-个一组翻转链表.swift in Sources */,
				7D7E5DB928AF37CB0077876A /* ListNode.swift in Sources */,
			);
			runOnlyForDeploymentPostprocessing = 0;
		};
/* End PBXSourcesBuildPhase section */

/* Begin XCBuildConfiguration section */
		7D5DA074289D14BB00D73F0E /* Debug */ = {
			isa = XCBuildConfiguration;
			buildSettings = {
				ALWAYS_SEARCH_USER_PATHS = NO;
				CLANG_ANALYZER_NONNULL = YES;
				CLANG_ANALYZER_NUMBER_OBJECT_CONVERSION = YES_AGGRESSIVE;
				CLANG_CXX_LANGUAGE_STANDARD = "gnu++17";
				CLANG_CXX_LIBRARY = "libc++";
				CLANG_ENABLE_MODULES = YES;
				CLANG_ENABLE_OBJC_ARC = YES;
				CLANG_ENABLE_OBJC_WEAK = YES;
				CLANG_WARN_BLOCK_CAPTURE_AUTORELEASING = YES;
				CLANG_WARN_BOOL_CONVERSION = YES;
				CLANG_WARN_COMMA = YES;
				CLANG_WARN_CONSTANT_CONVERSION = YES;
				CLANG_WARN_DEPRECATED_OBJC_IMPLEMENTATIONS = YES;
				CLANG_WARN_DIRECT_OBJC_ISA_USAGE = YES_ERROR;
				CLANG_WARN_DOCUMENTATION_COMMENTS = YES;
				CLANG_WARN_EMPTY_BODY = YES;
				CLANG_WARN_ENUM_CONVERSION = YES;
				CLANG_WARN_INFINITE_RECURSION = YES;
				CLANG_WARN_INT_CONVERSION = YES;
				CLANG_WARN_NON_LITERAL_NULL_CONVERSION = YES;
				CLANG_WARN_OBJC_IMPLICIT_RETAIN_SELF = YES;
				CLANG_WARN_OBJC_LITERAL_CONVERSION = YES;
				CLANG_WARN_OBJC_ROOT_CLASS = YES_ERROR;
				CLANG_WARN_QUOTED_INCLUDE_IN_FRAMEWORK_HEADER = YES;
				CLANG_WARN_RANGE_LOOP_ANALYSIS = YES;
				CLANG_WARN_STRICT_PROTOTYPES = YES;
				CLANG_WARN_SUSPICIOUS_MOVE = YES;
				CLANG_WARN_UNGUARDED_AVAILABILITY = YES_AGGRESSIVE;
				CLANG_WARN_UNREACHABLE_CODE = YES;
				CLANG_WARN__DUPLICATE_METHOD_MATCH = YES;
				COPY_PHASE_STRIP = NO;
				DEBUG_INFORMATION_FORMAT = dwarf;
				ENABLE_STRICT_OBJC_MSGSEND = YES;
				ENABLE_TESTABILITY = YES;
				GCC_C_LANGUAGE_STANDARD = gnu11;
				GCC_DYNAMIC_NO_PIC = NO;
				GCC_NO_COMMON_BLOCKS = YES;
				GCC_OPTIMIZATION_LEVEL = 0;
				GCC_PREPROCESSOR_DEFINITIONS = (
					"DEBUG=1",
					"$(inherited)",
				);
				GCC_WARN_64_TO_32_BIT_CONVERSION = YES;
				GCC_WARN_ABOUT_RETURN_TYPE = YES_ERROR;
				GCC_WARN_UNDECLARED_SELECTOR = YES;
				GCC_WARN_UNINITIALIZED_AUTOS = YES_AGGRESSIVE;
				GCC_WARN_UNUSED_FUNCTION = YES;
				GCC_WARN_UNUSED_VARIABLE = YES;
				MACOSX_DEPLOYMENT_TARGET = 12.1;
				MTL_ENABLE_DEBUG_INFO = INCLUDE_SOURCE;
				MTL_FAST_MATH = YES;
				ONLY_ACTIVE_ARCH = YES;
				SDKROOT = macosx;
				SWIFT_ACTIVE_COMPILATION_CONDITIONS = DEBUG;
				SWIFT_OPTIMIZATION_LEVEL = "-Onone";
			};
			name = Debug;
		};
		7D5DA075289D14BB00D73F0E /* Release */ = {
			isa = XCBuildConfiguration;
			buildSettings = {
				ALWAYS_SEARCH_USER_PATHS = NO;
				CLANG_ANALYZER_NONNULL = YES;
				CLANG_ANALYZER_NUMBER_OBJECT_CONVERSION = YES_AGGRESSIVE;
				CLANG_CXX_LANGUAGE_STANDARD = "gnu++17";
				CLANG_CXX_LIBRARY = "libc++";
				CLANG_ENABLE_MODULES = YES;
				CLANG_ENABLE_OBJC_ARC = YES;
				CLANG_ENABLE_OBJC_WEAK = YES;
				CLANG_WARN_BLOCK_CAPTURE_AUTORELEASING = YES;
				CLANG_WARN_BOOL_CONVERSION = YES;
				CLANG_WARN_COMMA = YES;
				CLANG_WARN_CONSTANT_CONVERSION = YES;
				CLANG_WARN_DEPRECATED_OBJC_IMPLEMENTATIONS = YES;
				CLANG_WARN_DIRECT_OBJC_ISA_USAGE = YES_ERROR;
				CLANG_WARN_DOCUMENTATION_COMMENTS = YES;
				CLANG_WARN_EMPTY_BODY = YES;
				CLANG_WARN_ENUM_CONVERSION = YES;
				CLANG_WARN_INFINITE_RECURSION = YES;
				CLANG_WARN_INT_CONVERSION = YES;
				CLANG_WARN_NON_LITERAL_NULL_CONVERSION = YES;
				CLANG_WARN_OBJC_IMPLICIT_RETAIN_SELF = YES;
				CLANG_WARN_OBJC_LITERAL_CONVERSION = YES;
				CLANG_WARN_OBJC_ROOT_CLASS = YES_ERROR;
				CLANG_WARN_QUOTED_INCLUDE_IN_FRAMEWORK_HEADER = YES;
				CLANG_WARN_RANGE_LOOP_ANALYSIS = YES;
				CLANG_WARN_STRICT_PROTOTYPES = YES;
				CLANG_WARN_SUSPICIOUS_MOVE = YES;
				CLANG_WARN_UNGUARDED_AVAILABILITY = YES_AGGRESSIVE;
				CLANG_WARN_UNREACHABLE_CODE = YES;
				CLANG_WARN__DUPLICATE_METHOD_MATCH = YES;
				COPY_PHASE_STRIP = NO;
				DEBUG_INFORMATION_FORMAT = "dwarf-with-dsym";
				ENABLE_NS_ASSERTIONS = NO;
				ENABLE_STRICT_OBJC_MSGSEND = YES;
				GCC_C_LANGUAGE_STANDARD = gnu11;
				GCC_NO_COMMON_BLOCKS = YES;
				GCC_WARN_64_TO_32_BIT_CONVERSION = YES;
				GCC_WARN_ABOUT_RETURN_TYPE = YES_ERROR;
				GCC_WARN_UNDECLARED_SELECTOR = YES;
				GCC_WARN_UNINITIALIZED_AUTOS = YES_AGGRESSIVE;
				GCC_WARN_UNUSED_FUNCTION = YES;
				GCC_WARN_UNUSED_VARIABLE = YES;
				MACOSX_DEPLOYMENT_TARGET = 12.1;
				MTL_ENABLE_DEBUG_INFO = NO;
				MTL_FAST_MATH = YES;
				SDKROOT = macosx;
				SWIFT_COMPILATION_MODE = wholemodule;
				SWIFT_OPTIMIZATION_LEVEL = "-O";
			};
			name = Release;
		};
		7D5DA077289D14BB00D73F0E /* Debug */ = {
			isa = XCBuildConfiguration;
			buildSettings = {
				CODE_SIGN_STYLE = Automatic;
				PRODUCT_NAME = "$(TARGET_NAME)";
				SWIFT_VERSION = 5.0;
			};
			name = Debug;
		};
		7D5DA078289D14BB00D73F0E /* Release */ = {
			isa = XCBuildConfiguration;
			buildSettings = {
				CODE_SIGN_STYLE = Automatic;
				PRODUCT_NAME = "$(TARGET_NAME)";
				SWIFT_VERSION = 5.0;
			};
			name = Release;
		};
		7DFBA30128AF0F6B00F3CE48 /* Debug */ = {
			isa = XCBuildConfiguration;
			buildSettings = {
				CODE_SIGN_IDENTITY = "-";
				CODE_SIGN_STYLE = Automatic;
				CURRENT_PROJECT_VERSION = 1;
				DEVELOPMENT_TEAM = N3VSV87L73;
				GENERATE_INFOPLIST_FILE = YES;
				MACOSX_DEPLOYMENT_TARGET = 12.1;
				MARKETING_VERSION = 1.0;
				PRODUCT_BUNDLE_IDENTIFIER = com.study.iOSLoadInitlizeDemo.StudyLeetcodeProjectTest;
				PRODUCT_NAME = "$(TARGET_NAME)";
				SWIFT_EMIT_LOC_STRINGS = NO;
				SWIFT_VERSION = 5.0;
			};
			name = Debug;
		};
		7DFBA30228AF0F6B00F3CE48 /* Release */ = {
			isa = XCBuildConfiguration;
			buildSettings = {
				CODE_SIGN_IDENTITY = "-";
				CODE_SIGN_STYLE = Automatic;
				CURRENT_PROJECT_VERSION = 1;
				DEVELOPMENT_TEAM = N3VSV87L73;
				GENERATE_INFOPLIST_FILE = YES;
				MACOSX_DEPLOYMENT_TARGET = 12.1;
				MARKETING_VERSION = 1.0;
				PRODUCT_BUNDLE_IDENTIFIER = com.study.iOSLoadInitlizeDemo.StudyLeetcodeProjectTest;
				PRODUCT_NAME = "$(TARGET_NAME)";
				SWIFT_EMIT_LOC_STRINGS = NO;
				SWIFT_VERSION = 5.0;
			};
			name = Release;
		};
/* End XCBuildConfiguration section */

/* Begin XCConfigurationList section */
		7D5DA06A289D14BB00D73F0E /* Build configuration list for PBXProject "StudyLeetcodeProject" */ = {
			isa = XCConfigurationList;
			buildConfigurations = (
				7D5DA074289D14BB00D73F0E /* Debug */,
				7D5DA075289D14BB00D73F0E /* Release */,
			);
			defaultConfigurationIsVisible = 0;
			defaultConfigurationName = Release;
		};
		7D5DA076289D14BB00D73F0E /* Build configuration list for PBXNativeTarget "StudyLeetcodeProject" */ = {
			isa = XCConfigurationList;
			buildConfigurations = (
				7D5DA077289D14BB00D73F0E /* Debug */,
				7D5DA078289D14BB00D73F0E /* Release */,
			);
			defaultConfigurationIsVisible = 0;
			defaultConfigurationName = Release;
		};
		7DFBA30028AF0F6B00F3CE48 /* Build configuration list for PBXNativeTarget "StudyLeetcodeProjectTest" */ = {
			isa = XCConfigurationList;
			buildConfigurations = (
				7DFBA30128AF0F6B00F3CE48 /* Debug */,
				7DFBA30228AF0F6B00F3CE48 /* Release */,
			);
			defaultConfigurationIsVisible = 0;
			defaultConfigurationName = Release;
		};
/* End XCConfigurationList section */
	};
	rootObject = 7D5DA067289D14BB00D73F0E /* Project object */;
}
